<?xml version="1.0" encoding="utf-8"?>
<Project ToolsVersion="4.0" xmlns="http://schemas.microsoft.com/developer/msbuild/2003">
  <ItemGroup>
    <Filter Include="..">
      <UniqueIdentifier>{739DB09A-CC57-A953-A6CF-F64FA08E4FA7}</UniqueIdentifier>
    </Filter>
    <Filter Include="..\..">
      <UniqueIdentifier>{739DB09A-CC57-A953-A6CF-F64FA08E4FA7}</UniqueIdentifier>
    </Filter>
    <Filter Include="..\..\src">
      <UniqueIdentifier>{8CDEE807-BC53-E450-C8B8-4DEBB66742D4}</UniqueIdentifier>
    </Filter>
    <Filter Include="..\..\src\common">
      <UniqueIdentifier>{2F5FD094-EF52-77F7-7AA8-4327A01BF747}</UniqueIdentifier>
    </Filter>
    <Filter Include="..">
      <UniqueIdentifier>{739DB09A-CC57-A953-A6CF-F64FA08E4FA7}</UniqueIdentifier>
    </Filter>
    <Filter Include="..\..">
      <UniqueIdentifier>{739DB09A-CC57-A953-A6CF-F64FA08E4FA7}</UniqueIdentifier>
    </Filter>
    <Filter Include="..\..\src">
      <UniqueIdentifier>{8CDEE807-BC53-E450-C8B8-4DEBB66742D4}</UniqueIdentifier>
    </Filter>
    <Filter Include="..\..\src\common">
      <UniqueIdentifier>{2F5FD094-EF52-77F7-7AA8-4327A01BF747}</UniqueIdentifier>
    </Filter>
    <Filter Include="..">
      <UniqueIdentifier>{739DB09A-CC57-A953-A6CF-F64FA08E4FA7}</UniqueIdentifier>
    </Filter>
    <Filter Include="..\..">
      <UniqueIdentifier>{739DB09A-CC57-A953-A6CF-F64FA08E4FA7}</UniqueIdentifier>
    </Filter>
    <Filter Include="..\..\src">
      <UniqueIdentifier>{8CDEE807-BC53-E450-C8B8-4DEBB66742D4}</UniqueIdentifier>
    </Filter>
    <Filter Include="..\..\src\common">
      <UniqueIdentifier>{2F5FD094-EF52-77F7-7AA8-4327A01BF747}</UniqueIdentifier>
    </Filter>
    <Filter Include="..">
      <UniqueIdentifier>{739DB09A-CC57-A953-A6CF-F64FA08E4FA7}</UniqueIdentifier>
    </Filter>
    <Filter Include="..\..">
      <UniqueIdentifier>{739DB09A-CC57-A953-A6CF-F64FA08E4FA7}</UniqueIdentifier>
    </Filter>
    <Filter Include="..\..\src">
      <UniqueIdentifier>{8CDEE807-BC53-E450-C8B8-4DEBB66742D4}</UniqueIdentifier>
    </Filter>
    <Filter Include="..\..\src\common">
      <UniqueIdentifier>{2F5FD094-EF52-77F7-7AA8-4327A01BF747}</UniqueIdentifier>
    </Filter>
    <Filter Include="..">
      <UniqueIdentifier>{739DB09A-CC57-A953-A6CF-F64FA08E4FA7}</UniqueIdentifier>
    </Filter>
    <Filter Include="..\..">
      <UniqueIdentifier>{739DB09A-CC57-A953-A6CF-F64FA08E4FA7}</UniqueIdentifier>
    </Filter>
    <Filter Include="..\..\src">
      <UniqueIdentifier>{8CDEE807-BC53-E450-C8B8-4DEBB66742D4}</UniqueIdentifier>
    </Filter>
    <Filter Include="..\..\src\common">
      <UniqueIdentifier>{2F5FD094-EF52-77F7-7AA8-4327A01BF747}</UniqueIdentifier>
    </Filter>
    <Filter Include="..">
      <UniqueIdentifier>{739DB09A-CC57-A953-A6CF-F64FA08E4FA7}</UniqueIdentifier>
    </Filter>
    <Filter Include="..\..">
      <UniqueIdentifier>{739DB09A-CC57-A953-A6CF-F64FA08E4FA7}</UniqueIdentifier>
    </Filter>
    <Filter Include="..\..\src">
      <UniqueIdentifier>{8CDEE807-BC53-E450-C8B8-4DEBB66742D4}</UniqueIdentifier>
    </Filter>
    <Filter Include="..\..\src\common">
      <UniqueIdentifier>{2F5FD094-EF52-77F7-7AA8-4327A01BF747}</UniqueIdentifier>
    </Filter>
    <Filter Include="..">
      <UniqueIdentifier>{739DB09A-CC57-A953-A6CF-F64FA08E4FA7}</UniqueIdentifier>
    </Filter>
    <Filter Include="..\..">
      <UniqueIdentifier>{739DB09A-CC57-A953-A6CF-F64FA08E4FA7}</UniqueIdentifier>
    </Filter>
    <Filter Include="..\..\src">
      <UniqueIdentifier>{8CDEE807-BC53-E450-C8B8-4DEBB66742D4}</UniqueIdentifier>
    </Filter>
    <Filter Include="..\..\src\libANGLE">
      <UniqueIdentifier>{1CCF162D-4AC4-ACF2-4B07-B45A2A3C124D}</UniqueIdentifier>
    </Filter>
    <Filter Include="..">
      <UniqueIdentifier>{739DB09A-CC57-A953-A6CF-F64FA08E4FA7}</UniqueIdentifier>
    </Filter>
    <Filter Include="..\..">
      <UniqueIdentifier>{739DB09A-CC57-A953-A6CF-F64FA08E4FA7}</UniqueIdentifier>
    </Filter>
    <Filter Include="..\..\src">
      <UniqueIdentifier>{8CDEE807-BC53-E450-C8B8-4DEBB66742D4}</UniqueIdentifier>
    </Filter>
    <Filter Include="..\..\src\libANGLE">
      <UniqueIdentifier>{1CCF162D-4AC4-ACF2-4B07-B45A2A3C124D}</UniqueIdentifier>
    </Filter>
    <Filter Include="..">
      <UniqueIdentifier>{739DB09A-CC57-A953-A6CF-F64FA08E4FA7}</UniqueIdentifier>
    </Filter>
    <Filter Include="..\..">
      <UniqueIdentifier>{739DB09A-CC57-A953-A6CF-F64FA08E4FA7}</UniqueIdentifier>
    </Filter>
    <Filter Include="..\..\src">
      <UniqueIdentifier>{8CDEE807-BC53-E450-C8B8-4DEBB66742D4}</UniqueIdentifier>
    </Filter>
    <Filter Include="..\..\src\libANGLE">
      <UniqueIdentifier>{1CCF162D-4AC4-ACF2-4B07-B45A2A3C124D}</UniqueIdentifier>
    </Filter>
    <Filter Include="..">
      <UniqueIdentifier>{739DB09A-CC57-A953-A6CF-F64FA08E4FA7}</UniqueIdentifier>
    </Filter>
    <Filter Include="..\..">
      <UniqueIdentifier>{739DB09A-CC57-A953-A6CF-F64FA08E4FA7}</UniqueIdentifier>
    </Filter>
    <Filter Include="..\..\src">
      <UniqueIdentifier>{8CDEE807-BC53-E450-C8B8-4DEBB66742D4}</UniqueIdentifier>
    </Filter>
    <Filter Include="..\..\src\libANGLE">
      <UniqueIdentifier>{1CCF162D-4AC4-ACF2-4B07-B45A2A3C124D}</UniqueIdentifier>
    </Filter>
    <Filter Include="..">
      <UniqueIdentifier>{739DB09A-CC57-A953-A6CF-F64FA08E4FA7}</UniqueIdentifier>
    </Filter>
    <Filter Include="..\..">
      <UniqueIdentifier>{739DB09A-CC57-A953-A6CF-F64FA08E4FA7}</UniqueIdentifier>
    </Filter>
    <Filter Include="..\..\src">
      <UniqueIdentifier>{8CDEE807-BC53-E450-C8B8-4DEBB66742D4}</UniqueIdentifier>
    </Filter>
    <Filter Include="..\..\src\libANGLE">
      <UniqueIdentifier>{1CCF162D-4AC4-ACF2-4B07-B45A2A3C124D}</UniqueIdentifier>
    </Filter>
    <Filter Include="..">
      <UniqueIdentifier>{739DB09A-CC57-A953-A6CF-F64FA08E4FA7}</UniqueIdentifier>
    </Filter>
    <Filter Include="..\..">
      <UniqueIdentifier>{739DB09A-CC57-A953-A6CF-F64FA08E4FA7}</UniqueIdentifier>
    </Filter>
    <Filter Include="..\..\src">
      <UniqueIdentifier>{8CDEE807-BC53-E450-C8B8-4DEBB66742D4}</UniqueIdentifier>
    </Filter>
    <Filter Include="..\..\src\libANGLE">
      <UniqueIdentifier>{1CCF162D-4AC4-ACF2-4B07-B45A2A3C124D}</UniqueIdentifier>
    </Filter>
    <Filter Include="..">
      <UniqueIdentifier>{739DB09A-CC57-A953-A6CF-F64FA08E4FA7}</UniqueIdentifier>
    </Filter>
    <Filter Include="..\..">
      <UniqueIdentifier>{739DB09A-CC57-A953-A6CF-F64FA08E4FA7}</UniqueIdentifier>
    </Filter>
    <Filter Include="..\..\src">
      <UniqueIdentifier>{8CDEE807-BC53-E450-C8B8-4DEBB66742D4}</UniqueIdentifier>
    </Filter>
    <Filter Include="..\..\src\libANGLE">
      <UniqueIdentifier>{1CCF162D-4AC4-ACF2-4B07-B45A2A3C124D}</UniqueIdentifier>
    </Filter>
    <Filter Include="..">
      <UniqueIdentifier>{739DB09A-CC57-A953-A6CF-F64FA08E4FA7}</UniqueIdentifier>
    </Filter>
    <Filter Include="..\..">
      <UniqueIdentifier>{739DB09A-CC57-A953-A6CF-F64FA08E4FA7}</UniqueIdentifier>
    </Filter>
    <Filter Include="..\..\src">
      <UniqueIdentifier>{8CDEE807-BC53-E450-C8B8-4DEBB66742D4}</UniqueIdentifier>
    </Filter>
    <Filter Include="..\..\src\libANGLE">
      <UniqueIdentifier>{1CCF162D-4AC4-ACF2-4B07-B45A2A3C124D}</UniqueIdentifier>
    </Filter>
    <Filter Include="..">
      <UniqueIdentifier>{739DB09A-CC57-A953-A6CF-F64FA08E4FA7}</UniqueIdentifier>
    </Filter>
    <Filter Include="..\..">
      <UniqueIdentifier>{739DB09A-CC57-A953-A6CF-F64FA08E4FA7}</UniqueIdentifier>
    </Filter>
    <Filter Include="..\..\src">
      <UniqueIdentifier>{8CDEE807-BC53-E450-C8B8-4DEBB66742D4}</UniqueIdentifier>
    </Filter>
    <Filter Include="..\..\src\libANGLE">
      <UniqueIdentifier>{1CCF162D-4AC4-ACF2-4B07-B45A2A3C124D}</UniqueIdentifier>
    </Filter>
    <Filter Include="..">
      <UniqueIdentifier>{739DB09A-CC57-A953-A6CF-F64FA08E4FA7}</UniqueIdentifier>
    </Filter>
    <Filter Include="..\..">
      <UniqueIdentifier>{739DB09A-CC57-A953-A6CF-F64FA08E4FA7}</UniqueIdentifier>
    </Filter>
    <Filter Include="..\..\src">
      <UniqueIdentifier>{8CDEE807-BC53-E450-C8B8-4DEBB66742D4}</UniqueIdentifier>
    </Filter>
    <Filter Include="..\..\src\libANGLE">
      <UniqueIdentifier>{1CCF162D-4AC4-ACF2-4B07-B45A2A3C124D}</UniqueIdentifier>
    </Filter>
    <Filter Include="..">
      <UniqueIdentifier>{739DB09A-CC57-A953-A6CF-F64FA08E4FA7}</UniqueIdentifier>
    </Filter>
    <Filter Include="..\..">
      <UniqueIdentifier>{739DB09A-CC57-A953-A6CF-F64FA08E4FA7}</UniqueIdentifier>
    </Filter>
    <Filter Include="..\..\src">
      <UniqueIdentifier>{8CDEE807-BC53-E450-C8B8-4DEBB66742D4}</UniqueIdentifier>
    </Filter>
    <Filter Include="..\..\src\libANGLE">
      <UniqueIdentifier>{1CCF162D-4AC4-ACF2-4B07-B45A2A3C124D}</UniqueIdentifier>
    </Filter>
    <Filter Include="..">
      <UniqueIdentifier>{739DB09A-CC57-A953-A6CF-F64FA08E4FA7}</UniqueIdentifier>
    </Filter>
    <Filter Include="..\..">
      <UniqueIdentifier>{739DB09A-CC57-A953-A6CF-F64FA08E4FA7}</UniqueIdentifier>
    </Filter>
    <Filter Include="..\..\src">
      <UniqueIdentifier>{8CDEE807-BC53-E450-C8B8-4DEBB66742D4}</UniqueIdentifier>
    </Filter>
    <Filter Include="..\..\src\libANGLE">
      <UniqueIdentifier>{1CCF162D-4AC4-ACF2-4B07-B45A2A3C124D}</UniqueIdentifier>
    </Filter>
    <Filter Include="..\..\src\libANGLE\renderer">
      <UniqueIdentifier>{AC4EF684-2900-10EA-3D11-A6DF0901358C}</UniqueIdentifier>
    </Filter>
    <Filter Include="..">
      <UniqueIdentifier>{739DB09A-CC57-A953-A6CF-F64FA08E4FA7}</UniqueIdentifier>
    </Filter>
    <Filter Include="..\..">
      <UniqueIdentifier>{739DB09A-CC57-A953-A6CF-F64FA08E4FA7}</UniqueIdentifier>
    </Filter>
    <Filter Include="..\..\src">
      <UniqueIdentifier>{8CDEE807-BC53-E450-C8B8-4DEBB66742D4}</UniqueIdentifier>
    </Filter>
    <Filter Include="..\..\src\libANGLE">
      <UniqueIdentifier>{1CCF162D-4AC4-ACF2-4B07-B45A2A3C124D}</UniqueIdentifier>
    </Filter>
    <Filter Include="..\..\src\libANGLE\renderer">
      <UniqueIdentifier>{AC4EF684-2900-10EA-3D11-A6DF0901358C}</UniqueIdentifier>
    </Filter>
    <Filter Include="..">
      <UniqueIdentifier>{739DB09A-CC57-A953-A6CF-F64FA08E4FA7}</UniqueIdentifier>
    </Filter>
    <Filter Include="..\..">
      <UniqueIdentifier>{739DB09A-CC57-A953-A6CF-F64FA08E4FA7}</UniqueIdentifier>
    </Filter>
    <Filter Include="..\..\src">
      <UniqueIdentifier>{8CDEE807-BC53-E450-C8B8-4DEBB66742D4}</UniqueIdentifier>
    </Filter>
    <Filter Include="..\..\src\libANGLE">
      <UniqueIdentifier>{1CCF162D-4AC4-ACF2-4B07-B45A2A3C124D}</UniqueIdentifier>
    </Filter>
    <Filter Include="..\..\src\libANGLE\renderer">
      <UniqueIdentifier>{AC4EF684-2900-10EA-3D11-A6DF0901358C}</UniqueIdentifier>
    </Filter>
    <Filter Include="..">
      <UniqueIdentifier>{739DB09A-CC57-A953-A6CF-F64FA08E4FA7}</UniqueIdentifier>
    </Filter>
    <Filter Include="..\..">
      <UniqueIdentifier>{739DB09A-CC57-A953-A6CF-F64FA08E4FA7}</UniqueIdentifier>
    </Filter>
    <Filter Include="..\..\src">
      <UniqueIdentifier>{8CDEE807-BC53-E450-C8B8-4DEBB66742D4}</UniqueIdentifier>
    </Filter>
    <Filter Include="..\..\src\libANGLE">
      <UniqueIdentifier>{1CCF162D-4AC4-ACF2-4B07-B45A2A3C124D}</UniqueIdentifier>
    </Filter>
    <Filter Include="..\..\src\libANGLE\renderer">
      <UniqueIdentifier>{AC4EF684-2900-10EA-3D11-A6DF0901358C}</UniqueIdentifier>
    </Filter>
    <Filter Include="..">
      <UniqueIdentifier>{739DB09A-CC57-A953-A6CF-F64FA08E4FA7}</UniqueIdentifier>
    </Filter>
    <Filter Include="..\..">
      <UniqueIdentifier>{739DB09A-CC57-A953-A6CF-F64FA08E4FA7}</UniqueIdentifier>
    </Filter>
    <Filter Include="..\..\src">
      <UniqueIdentifier>{8CDEE807-BC53-E450-C8B8-4DEBB66742D4}</UniqueIdentifier>
    </Filter>
    <Filter Include="..\..\src\libANGLE">
      <UniqueIdentifier>{1CCF162D-4AC4-ACF2-4B07-B45A2A3C124D}</UniqueIdentifier>
    </Filter>
    <Filter Include="..\..\src\libANGLE\renderer">
      <UniqueIdentifier>{AC4EF684-2900-10EA-3D11-A6DF0901358C}</UniqueIdentifier>
    </Filter>
    <Filter Include="..">
      <UniqueIdentifier>{739DB09A-CC57-A953-A6CF-F64FA08E4FA7}</UniqueIdentifier>
    </Filter>
    <Filter Include="..\..">
      <UniqueIdentifier>{739DB09A-CC57-A953-A6CF-F64FA08E4FA7}</UniqueIdentifier>
    </Filter>
    <Filter Include="..\..\src">
      <UniqueIdentifier>{8CDEE807-BC53-E450-C8B8-4DEBB66742D4}</UniqueIdentifier>
    </Filter>
    <Filter Include="..\..\src\libANGLE">
      <UniqueIdentifier>{1CCF162D-4AC4-ACF2-4B07-B45A2A3C124D}</UniqueIdentifier>
    </Filter>
    <Filter Include="..\..\src\libANGLE\renderer">
      <UniqueIdentifier>{AC4EF684-2900-10EA-3D11-A6DF0901358C}</UniqueIdentifier>
    </Filter>
    <Filter Include="..">
      <UniqueIdentifier>{739DB09A-CC57-A953-A6CF-F64FA08E4FA7}</UniqueIdentifier>
    </Filter>
    <Filter Include="..\..">
      <UniqueIdentifier>{739DB09A-CC57-A953-A6CF-F64FA08E4FA7}</UniqueIdentifier>
    </Filter>
    <Filter Include="..\..\src">
      <UniqueIdentifier>{8CDEE807-BC53-E450-C8B8-4DEBB66742D4}</UniqueIdentifier>
    </Filter>
    <Filter Include="..\..\src\libANGLE">
      <UniqueIdentifier>{1CCF162D-4AC4-ACF2-4B07-B45A2A3C124D}</UniqueIdentifier>
    </Filter>
    <Filter Include="..\..\src\libANGLE\renderer">
      <UniqueIdentifier>{AC4EF684-2900-10EA-3D11-A6DF0901358C}</UniqueIdentifier>
    </Filter>
    <Filter Include="..">
      <UniqueIdentifier>{739DB09A-CC57-A953-A6CF-F64FA08E4FA7}</UniqueIdentifier>
    </Filter>
    <Filter Include="..\..">
      <UniqueIdentifier>{739DB09A-CC57-A953-A6CF-F64FA08E4FA7}</UniqueIdentifier>
    </Filter>
    <Filter Include="..\..\src">
      <UniqueIdentifier>{8CDEE807-BC53-E450-C8B8-4DEBB66742D4}</UniqueIdentifier>
    </Filter>
    <Filter Include="..\..\src\libANGLE">
      <UniqueIdentifier>{1CCF162D-4AC4-ACF2-4B07-B45A2A3C124D}</UniqueIdentifier>
    </Filter>
    <Filter Include="..">
      <UniqueIdentifier>{739DB09A-CC57-A953-A6CF-F64FA08E4FA7}</UniqueIdentifier>
    </Filter>
    <Filter Include="..\..">
      <UniqueIdentifier>{739DB09A-CC57-A953-A6CF-F64FA08E4FA7}</UniqueIdentifier>
    </Filter>
    <Filter Include="..\..\src">
      <UniqueIdentifier>{8CDEE807-BC53-E450-C8B8-4DEBB66742D4}</UniqueIdentifier>
    </Filter>
    <Filter Include="..\..\src\libANGLE">
      <UniqueIdentifier>{1CCF162D-4AC4-ACF2-4B07-B45A2A3C124D}</UniqueIdentifier>
    </Filter>
    <Filter Include="..">
      <UniqueIdentifier>{739DB09A-CC57-A953-A6CF-F64FA08E4FA7}</UniqueIdentifier>
    </Filter>
    <Filter Include="..\..">
      <UniqueIdentifier>{739DB09A-CC57-A953-A6CF-F64FA08E4FA7}</UniqueIdentifier>
    </Filter>
    <Filter Include="..\..\src">
      <UniqueIdentifier>{8CDEE807-BC53-E450-C8B8-4DEBB66742D4}</UniqueIdentifier>
    </Filter>
    <Filter Include="..\..\src\tests">
      <UniqueIdentifier>{71685B5B-5DB1-D3F0-6DF4-FE19B5454C87}</UniqueIdentifier>
    </Filter>
    <Filter Include="..">
      <UniqueIdentifier>{739DB09A-CC57-A953-A6CF-F64FA08E4FA7}</UniqueIdentifier>
    </Filter>
    <Filter Include="..\..">
      <UniqueIdentifier>{739DB09A-CC57-A953-A6CF-F64FA08E4FA7}</UniqueIdentifier>
    </Filter>
    <Filter Include="..\..\src">
      <UniqueIdentifier>{8CDEE807-BC53-E450-C8B8-4DEBB66742D4}</UniqueIdentifier>
    </Filter>
    <Filter Include="..\..\src\tests">
      <UniqueIdentifier>{71685B5B-5DB1-D3F0-6DF4-FE19B5454C87}</UniqueIdentifier>
    </Filter>
    <Filter Include="..\..\src\tests\compiler_tests">
      <UniqueIdentifier>{47629FA2-A2F0-F652-6220-97FEBB2815C2}</UniqueIdentifier>
    </Filter>
    <Filter Include="..">
      <UniqueIdentifier>{739DB09A-CC57-A953-A6CF-F64FA08E4FA7}</UniqueIdentifier>
    </Filter>
    <Filter Include="..\..">
      <UniqueIdentifier>{739DB09A-CC57-A953-A6CF-F64FA08E4FA7}</UniqueIdentifier>
    </Filter>
    <Filter Include="..\..\src">
      <UniqueIdentifier>{8CDEE807-BC53-E450-C8B8-4DEBB66742D4}</UniqueIdentifier>
    </Filter>
    <Filter Include="..\..\src\tests">
      <UniqueIdentifier>{71685B5B-5DB1-D3F0-6DF4-FE19B5454C87}</UniqueIdentifier>
    </Filter>
    <Filter Include="..\..\src\tests\compiler_tests">
      <UniqueIdentifier>{47629FA2-A2F0-F652-6220-97FEBB2815C2}</UniqueIdentifier>
    </Filter>
    <Filter Include="..">
      <UniqueIdentifier>{739DB09A-CC57-A953-A6CF-F64FA08E4FA7}</UniqueIdentifier>
    </Filter>
    <Filter Include="..\..">
      <UniqueIdentifier>{739DB09A-CC57-A953-A6CF-F64FA08E4FA7}</UniqueIdentifier>
    </Filter>
    <Filter Include="..\..\src">
      <UniqueIdentifier>{8CDEE807-BC53-E450-C8B8-4DEBB66742D4}</UniqueIdentifier>
    </Filter>
    <Filter Include="..\..\src\tests">
      <UniqueIdentifier>{71685B5B-5DB1-D3F0-6DF4-FE19B5454C87}</UniqueIdentifier>
    </Filter>
    <Filter Include="..\..\src\tests\compiler_tests">
      <UniqueIdentifier>{47629FA2-A2F0-F652-6220-97FEBB2815C2}</UniqueIdentifier>
    </Filter>
    <Filter Include="..">
      <UniqueIdentifier>{739DB09A-CC57-A953-A6CF-F64FA08E4FA7}</UniqueIdentifier>
    </Filter>
    <Filter Include="..\..">
      <UniqueIdentifier>{739DB09A-CC57-A953-A6CF-F64FA08E4FA7}</UniqueIdentifier>
    </Filter>
    <Filter Include="..\..\src">
      <UniqueIdentifier>{8CDEE807-BC53-E450-C8B8-4DEBB66742D4}</UniqueIdentifier>
    </Filter>
    <Filter Include="..\..\src\tests">
      <UniqueIdentifier>{71685B5B-5DB1-D3F0-6DF4-FE19B5454C87}</UniqueIdentifier>
    </Filter>
    <Filter Include="..\..\src\tests\compiler_tests">
      <UniqueIdentifier>{47629FA2-A2F0-F652-6220-97FEBB2815C2}</UniqueIdentifier>
    </Filter>
    <Filter Include="..">
      <UniqueIdentifier>{739DB09A-CC57-A953-A6CF-F64FA08E4FA7}</UniqueIdentifier>
    </Filter>
    <Filter Include="..\..">
      <UniqueIdentifier>{739DB09A-CC57-A953-A6CF-F64FA08E4FA7}</UniqueIdentifier>
    </Filter>
    <Filter Include="..\..\src">
      <UniqueIdentifier>{8CDEE807-BC53-E450-C8B8-4DEBB66742D4}</UniqueIdentifier>
    </Filter>
    <Filter Include="..\..\src\tests">
      <UniqueIdentifier>{71685B5B-5DB1-D3F0-6DF4-FE19B5454C87}</UniqueIdentifier>
    </Filter>
    <Filter Include="..\..\src\tests\compiler_tests">
      <UniqueIdentifier>{47629FA2-A2F0-F652-6220-97FEBB2815C2}</UniqueIdentifier>
    </Filter>
    <Filter Include="..">
      <UniqueIdentifier>{739DB09A-CC57-A953-A6CF-F64FA08E4FA7}</UniqueIdentifier>
    </Filter>
    <Filter Include="..\..">
      <UniqueIdentifier>{739DB09A-CC57-A953-A6CF-F64FA08E4FA7}</UniqueIdentifier>
    </Filter>
    <Filter Include="..\..\src">
      <UniqueIdentifier>{8CDEE807-BC53-E450-C8B8-4DEBB66742D4}</UniqueIdentifier>
    </Filter>
    <Filter Include="..\..\src\tests">
      <UniqueIdentifier>{71685B5B-5DB1-D3F0-6DF4-FE19B5454C87}</UniqueIdentifier>
    </Filter>
    <Filter Include="..\..\src\tests\compiler_tests">
      <UniqueIdentifier>{47629FA2-A2F0-F652-6220-97FEBB2815C2}</UniqueIdentifier>
    </Filter>
    <Filter Include="..">
      <UniqueIdentifier>{739DB09A-CC57-A953-A6CF-F64FA08E4FA7}</UniqueIdentifier>
    </Filter>
    <Filter Include="..\..">
      <UniqueIdentifier>{739DB09A-CC57-A953-A6CF-F64FA08E4FA7}</UniqueIdentifier>
    </Filter>
    <Filter Include="..\..\src">
      <UniqueIdentifier>{8CDEE807-BC53-E450-C8B8-4DEBB66742D4}</UniqueIdentifier>
    </Filter>
    <Filter Include="..\..\src\tests">
      <UniqueIdentifier>{71685B5B-5DB1-D3F0-6DF4-FE19B5454C87}</UniqueIdentifier>
    </Filter>
    <Filter Include="..\..\src\tests\compiler_tests">
      <UniqueIdentifier>{47629FA2-A2F0-F652-6220-97FEBB2815C2}</UniqueIdentifier>
    </Filter>
    <Filter Include="..">
      <UniqueIdentifier>{739DB09A-CC57-A953-A6CF-F64FA08E4FA7}</UniqueIdentifier>
    </Filter>
    <Filter Include="..\..">
      <UniqueIdentifier>{739DB09A-CC57-A953-A6CF-F64FA08E4FA7}</UniqueIdentifier>
    </Filter>
    <Filter Include="..\..\src">
      <UniqueIdentifier>{8CDEE807-BC53-E450-C8B8-4DEBB66742D4}</UniqueIdentifier>
    </Filter>
    <Filter Include="..\..\src\tests">
      <UniqueIdentifier>{71685B5B-5DB1-D3F0-6DF4-FE19B5454C87}</UniqueIdentifier>
    </Filter>
    <Filter Include="..\..\src\tests\compiler_tests">
      <UniqueIdentifier>{47629FA2-A2F0-F652-6220-97FEBB2815C2}</UniqueIdentifier>
    </Filter>
    <Filter Include="..">
      <UniqueIdentifier>{739DB09A-CC57-A953-A6CF-F64FA08E4FA7}</UniqueIdentifier>
    </Filter>
    <Filter Include="..\..">
      <UniqueIdentifier>{739DB09A-CC57-A953-A6CF-F64FA08E4FA7}</UniqueIdentifier>
    </Filter>
    <Filter Include="..\..\src">
      <UniqueIdentifier>{8CDEE807-BC53-E450-C8B8-4DEBB66742D4}</UniqueIdentifier>
    </Filter>
    <Filter Include="..\..\src\tests">
      <UniqueIdentifier>{71685B5B-5DB1-D3F0-6DF4-FE19B5454C87}</UniqueIdentifier>
    </Filter>
    <Filter Include="..\..\src\tests\compiler_tests">
      <UniqueIdentifier>{47629FA2-A2F0-F652-6220-97FEBB2815C2}</UniqueIdentifier>
    </Filter>
    <Filter Include="..">
      <UniqueIdentifier>{739DB09A-CC57-A953-A6CF-F64FA08E4FA7}</UniqueIdentifier>
    </Filter>
    <Filter Include="..\..">
      <UniqueIdentifier>{739DB09A-CC57-A953-A6CF-F64FA08E4FA7}</UniqueIdentifier>
    </Filter>
    <Filter Include="..\..\src">
      <UniqueIdentifier>{8CDEE807-BC53-E450-C8B8-4DEBB66742D4}</UniqueIdentifier>
    </Filter>
    <Filter Include="..\..\src\tests">
      <UniqueIdentifier>{71685B5B-5DB1-D3F0-6DF4-FE19B5454C87}</UniqueIdentifier>
    </Filter>
    <Filter Include="..\..\src\tests\compiler_tests">
      <UniqueIdentifier>{47629FA2-A2F0-F652-6220-97FEBB2815C2}</UniqueIdentifier>
    </Filter>
    <Filter Include="..">
      <UniqueIdentifier>{739DB09A-CC57-A953-A6CF-F64FA08E4FA7}</UniqueIdentifier>
    </Filter>
    <Filter Include="..\..">
      <UniqueIdentifier>{739DB09A-CC57-A953-A6CF-F64FA08E4FA7}</UniqueIdentifier>
    </Filter>
    <Filter Include="..\..\src">
      <UniqueIdentifier>{8CDEE807-BC53-E450-C8B8-4DEBB66742D4}</UniqueIdentifier>
    </Filter>
    <Filter Include="..\..\src\tests">
      <UniqueIdentifier>{71685B5B-5DB1-D3F0-6DF4-FE19B5454C87}</UniqueIdentifier>
    </Filter>
    <Filter Include="..\..\src\tests\compiler_tests">
      <UniqueIdentifier>{47629FA2-A2F0-F652-6220-97FEBB2815C2}</UniqueIdentifier>
    </Filter>
    <Filter Include="..">
      <UniqueIdentifier>{739DB09A-CC57-A953-A6CF-F64FA08E4FA7}</UniqueIdentifier>
    </Filter>
    <Filter Include="..\..">
      <UniqueIdentifier>{739DB09A-CC57-A953-A6CF-F64FA08E4FA7}</UniqueIdentifier>
    </Filter>
    <Filter Include="..\..\src">
      <UniqueIdentifier>{8CDEE807-BC53-E450-C8B8-4DEBB66742D4}</UniqueIdentifier>
    </Filter>
    <Filter Include="..\..\src\tests">
      <UniqueIdentifier>{71685B5B-5DB1-D3F0-6DF4-FE19B5454C87}</UniqueIdentifier>
    </Filter>
    <Filter Include="..\..\src\tests\compiler_tests">
      <UniqueIdentifier>{47629FA2-A2F0-F652-6220-97FEBB2815C2}</UniqueIdentifier>
    </Filter>
    <Filter Include="..">
      <UniqueIdentifier>{739DB09A-CC57-A953-A6CF-F64FA08E4FA7}</UniqueIdentifier>
    </Filter>
    <Filter Include="..\..">
      <UniqueIdentifier>{739DB09A-CC57-A953-A6CF-F64FA08E4FA7}</UniqueIdentifier>
    </Filter>
    <Filter Include="..\..\src">
      <UniqueIdentifier>{8CDEE807-BC53-E450-C8B8-4DEBB66742D4}</UniqueIdentifier>
    </Filter>
    <Filter Include="..\..\src\tests">
      <UniqueIdentifier>{71685B5B-5DB1-D3F0-6DF4-FE19B5454C87}</UniqueIdentifier>
    </Filter>
    <Filter Include="..\..\src\tests\compiler_tests">
      <UniqueIdentifier>{47629FA2-A2F0-F652-6220-97FEBB2815C2}</UniqueIdentifier>
    </Filter>
    <Filter Include="..">
      <UniqueIdentifier>{739DB09A-CC57-A953-A6CF-F64FA08E4FA7}</UniqueIdentifier>
    </Filter>
    <Filter Include="..\..">
      <UniqueIdentifier>{739DB09A-CC57-A953-A6CF-F64FA08E4FA7}</UniqueIdentifier>
    </Filter>
    <Filter Include="..\..\src">
      <UniqueIdentifier>{8CDEE807-BC53-E450-C8B8-4DEBB66742D4}</UniqueIdentifier>
    </Filter>
    <Filter Include="..\..\src\tests">
      <UniqueIdentifier>{71685B5B-5DB1-D3F0-6DF4-FE19B5454C87}</UniqueIdentifier>
    </Filter>
    <Filter Include="..\..\src\tests\compiler_tests">
      <UniqueIdentifier>{47629FA2-A2F0-F652-6220-97FEBB2815C2}</UniqueIdentifier>
    </Filter>
    <Filter Include="..">
      <UniqueIdentifier>{739DB09A-CC57-A953-A6CF-F64FA08E4FA7}</UniqueIdentifier>
    </Filter>
    <Filter Include="..\..">
      <UniqueIdentifier>{739DB09A-CC57-A953-A6CF-F64FA08E4FA7}</UniqueIdentifier>
    </Filter>
    <Filter Include="..\..\src">
      <UniqueIdentifier>{8CDEE807-BC53-E450-C8B8-4DEBB66742D4}</UniqueIdentifier>
    </Filter>
    <Filter Include="..\..\src\tests">
      <UniqueIdentifier>{71685B5B-5DB1-D3F0-6DF4-FE19B5454C87}</UniqueIdentifier>
    </Filter>
    <Filter Include="..\..\src\tests\compiler_tests">
      <UniqueIdentifier>{47629FA2-A2F0-F652-6220-97FEBB2815C2}</UniqueIdentifier>
    </Filter>
    <Filter Include="..">
      <UniqueIdentifier>{739DB09A-CC57-A953-A6CF-F64FA08E4FA7}</UniqueIdentifier>
    </Filter>
    <Filter Include="..\..">
      <UniqueIdentifier>{739DB09A-CC57-A953-A6CF-F64FA08E4FA7}</UniqueIdentifier>
    </Filter>
    <Filter Include="..\..\src">
      <UniqueIdentifier>{8CDEE807-BC53-E450-C8B8-4DEBB66742D4}</UniqueIdentifier>
    </Filter>
    <Filter Include="..\..\src\tests">
      <UniqueIdentifier>{71685B5B-5DB1-D3F0-6DF4-FE19B5454C87}</UniqueIdentifier>
    </Filter>
    <Filter Include="..\..\src\tests\compiler_tests">
      <UniqueIdentifier>{47629FA2-A2F0-F652-6220-97FEBB2815C2}</UniqueIdentifier>
    </Filter>
    <Filter Include="..">
      <UniqueIdentifier>{739DB09A-CC57-A953-A6CF-F64FA08E4FA7}</UniqueIdentifier>
    </Filter>
    <Filter Include="..\..">
      <UniqueIdentifier>{739DB09A-CC57-A953-A6CF-F64FA08E4FA7}</UniqueIdentifier>
    </Filter>
    <Filter Include="..\..\src">
      <UniqueIdentifier>{8CDEE807-BC53-E450-C8B8-4DEBB66742D4}</UniqueIdentifier>
    </Filter>
    <Filter Include="..\..\src\tests">
      <UniqueIdentifier>{71685B5B-5DB1-D3F0-6DF4-FE19B5454C87}</UniqueIdentifier>
    </Filter>
    <Filter Include="..\..\src\tests\compiler_tests">
      <UniqueIdentifier>{47629FA2-A2F0-F652-6220-97FEBB2815C2}</UniqueIdentifier>
    </Filter>
    <Filter Include="..">
      <UniqueIdentifier>{739DB09A-CC57-A953-A6CF-F64FA08E4FA7}</UniqueIdentifier>
    </Filter>
    <Filter Include="..\..">
      <UniqueIdentifier>{739DB09A-CC57-A953-A6CF-F64FA08E4FA7}</UniqueIdentifier>
    </Filter>
    <Filter Include="..\..\src">
      <UniqueIdentifier>{8CDEE807-BC53-E450-C8B8-4DEBB66742D4}</UniqueIdentifier>
    </Filter>
    <Filter Include="..\..\src\tests">
      <UniqueIdentifier>{71685B5B-5DB1-D3F0-6DF4-FE19B5454C87}</UniqueIdentifier>
    </Filter>
    <Filter Include="..\..\src\tests\compiler_tests">
      <UniqueIdentifier>{47629FA2-A2F0-F652-6220-97FEBB2815C2}</UniqueIdentifier>
    </Filter>
    <Filter Include="..">
      <UniqueIdentifier>{739DB09A-CC57-A953-A6CF-F64FA08E4FA7}</UniqueIdentifier>
    </Filter>
    <Filter Include="..\..">
      <UniqueIdentifier>{739DB09A-CC57-A953-A6CF-F64FA08E4FA7}</UniqueIdentifier>
    </Filter>
    <Filter Include="..\..\src">
      <UniqueIdentifier>{8CDEE807-BC53-E450-C8B8-4DEBB66742D4}</UniqueIdentifier>
    </Filter>
    <Filter Include="..\..\src\tests">
      <UniqueIdentifier>{71685B5B-5DB1-D3F0-6DF4-FE19B5454C87}</UniqueIdentifier>
    </Filter>
    <Filter Include="..\..\src\tests\compiler_tests">
      <UniqueIdentifier>{47629FA2-A2F0-F652-6220-97FEBB2815C2}</UniqueIdentifier>
    </Filter>
    <Filter Include="..">
      <UniqueIdentifier>{739DB09A-CC57-A953-A6CF-F64FA08E4FA7}</UniqueIdentifier>
    </Filter>
    <Filter Include="..\..">
      <UniqueIdentifier>{739DB09A-CC57-A953-A6CF-F64FA08E4FA7}</UniqueIdentifier>
    </Filter>
    <Filter Include="..\..\src">
      <UniqueIdentifier>{8CDEE807-BC53-E450-C8B8-4DEBB66742D4}</UniqueIdentifier>
    </Filter>
    <Filter Include="..\..\src\tests">
      <UniqueIdentifier>{71685B5B-5DB1-D3F0-6DF4-FE19B5454C87}</UniqueIdentifier>
    </Filter>
    <Filter Include="..\..\src\tests\compiler_tests">
      <UniqueIdentifier>{47629FA2-A2F0-F652-6220-97FEBB2815C2}</UniqueIdentifier>
    </Filter>
    <Filter Include="..">
      <UniqueIdentifier>{739DB09A-CC57-A953-A6CF-F64FA08E4FA7}</UniqueIdentifier>
    </Filter>
    <Filter Include="..\..">
      <UniqueIdentifier>{739DB09A-CC57-A953-A6CF-F64FA08E4FA7}</UniqueIdentifier>
    </Filter>
    <Filter Include="..\..\src">
      <UniqueIdentifier>{8CDEE807-BC53-E450-C8B8-4DEBB66742D4}</UniqueIdentifier>
    </Filter>
    <Filter Include="..\..\src\tests">
      <UniqueIdentifier>{71685B5B-5DB1-D3F0-6DF4-FE19B5454C87}</UniqueIdentifier>
    </Filter>
    <Filter Include="..\..\src\tests\compiler_tests">
      <UniqueIdentifier>{47629FA2-A2F0-F652-6220-97FEBB2815C2}</UniqueIdentifier>
    </Filter>
    <Filter Include="..">
      <UniqueIdentifier>{739DB09A-CC57-A953-A6CF-F64FA08E4FA7}</UniqueIdentifier>
    </Filter>
    <Filter Include="..\..">
      <UniqueIdentifier>{739DB09A-CC57-A953-A6CF-F64FA08E4FA7}</UniqueIdentifier>
    </Filter>
    <Filter Include="..\..\src">
      <UniqueIdentifier>{8CDEE807-BC53-E450-C8B8-4DEBB66742D4}</UniqueIdentifier>
    </Filter>
    <Filter Include="..\..\src\tests">
      <UniqueIdentifier>{71685B5B-5DB1-D3F0-6DF4-FE19B5454C87}</UniqueIdentifier>
    </Filter>
    <Filter Include="..\..\src\tests\compiler_tests">
      <UniqueIdentifier>{47629FA2-A2F0-F652-6220-97FEBB2815C2}</UniqueIdentifier>
    </Filter>
    <Filter Include="..">
      <UniqueIdentifier>{739DB09A-CC57-A953-A6CF-F64FA08E4FA7}</UniqueIdentifier>
    </Filter>
    <Filter Include="..\..">
      <UniqueIdentifier>{739DB09A-CC57-A953-A6CF-F64FA08E4FA7}</UniqueIdentifier>
    </Filter>
    <Filter Include="..\..\src">
      <UniqueIdentifier>{8CDEE807-BC53-E450-C8B8-4DEBB66742D4}</UniqueIdentifier>
    </Filter>
    <Filter Include="..\..\src\tests">
      <UniqueIdentifier>{71685B5B-5DB1-D3F0-6DF4-FE19B5454C87}</UniqueIdentifier>
    </Filter>
    <Filter Include="..\..\src\tests\compiler_tests">
      <UniqueIdentifier>{47629FA2-A2F0-F652-6220-97FEBB2815C2}</UniqueIdentifier>
    </Filter>
    <Filter Include="..">
      <UniqueIdentifier>{739DB09A-CC57-A953-A6CF-F64FA08E4FA7}</UniqueIdentifier>
    </Filter>
    <Filter Include="..\..">
      <UniqueIdentifier>{739DB09A-CC57-A953-A6CF-F64FA08E4FA7}</UniqueIdentifier>
    </Filter>
    <Filter Include="..\..\src">
      <UniqueIdentifier>{8CDEE807-BC53-E450-C8B8-4DEBB66742D4}</UniqueIdentifier>
    </Filter>
    <Filter Include="..\..\src\tests">
      <UniqueIdentifier>{71685B5B-5DB1-D3F0-6DF4-FE19B5454C87}</UniqueIdentifier>
    </Filter>
    <Filter Include="..\..\src\tests\compiler_tests">
      <UniqueIdentifier>{47629FA2-A2F0-F652-6220-97FEBB2815C2}</UniqueIdentifier>
    </Filter>
    <Filter Include="..">
      <UniqueIdentifier>{739DB09A-CC57-A953-A6CF-F64FA08E4FA7}</UniqueIdentifier>
    </Filter>
    <Filter Include="..\..">
      <UniqueIdentifier>{739DB09A-CC57-A953-A6CF-F64FA08E4FA7}</UniqueIdentifier>
    </Filter>
    <Filter Include="..\..\src">
      <UniqueIdentifier>{8CDEE807-BC53-E450-C8B8-4DEBB66742D4}</UniqueIdentifier>
    </Filter>
    <Filter Include="..\..\src\tests">
      <UniqueIdentifier>{71685B5B-5DB1-D3F0-6DF4-FE19B5454C87}</UniqueIdentifier>
    </Filter>
    <Filter Include="..\..\src\tests\compiler_tests">
      <UniqueIdentifier>{47629FA2-A2F0-F652-6220-97FEBB2815C2}</UniqueIdentifier>
    </Filter>
    <Filter Include="..">
      <UniqueIdentifier>{739DB09A-CC57-A953-A6CF-F64FA08E4FA7}</UniqueIdentifier>
    </Filter>
    <Filter Include="..\..">
      <UniqueIdentifier>{739DB09A-CC57-A953-A6CF-F64FA08E4FA7}</UniqueIdentifier>
    </Filter>
    <Filter Include="..\..\src">
      <UniqueIdentifier>{8CDEE807-BC53-E450-C8B8-4DEBB66742D4}</UniqueIdentifier>
    </Filter>
    <Filter Include="..\..\src\tests">
      <UniqueIdentifier>{71685B5B-5DB1-D3F0-6DF4-FE19B5454C87}</UniqueIdentifier>
    </Filter>
    <Filter Include="..\..\src\tests\preprocessor_tests">
      <UniqueIdentifier>{632C9332-A0B2-BB90-4896-0AA600FCDB92}</UniqueIdentifier>
    </Filter>
    <Filter Include="..">
      <UniqueIdentifier>{739DB09A-CC57-A953-A6CF-F64FA08E4FA7}</UniqueIdentifier>
    </Filter>
    <Filter Include="..\..">
      <UniqueIdentifier>{739DB09A-CC57-A953-A6CF-F64FA08E4FA7}</UniqueIdentifier>
    </Filter>
    <Filter Include="..\..\src">
      <UniqueIdentifier>{8CDEE807-BC53-E450-C8B8-4DEBB66742D4}</UniqueIdentifier>
    </Filter>
    <Filter Include="..\..\src\tests">
      <UniqueIdentifier>{71685B5B-5DB1-D3F0-6DF4-FE19B5454C87}</UniqueIdentifier>
    </Filter>
    <Filter Include="..\..\src\tests\preprocessor_tests">
      <UniqueIdentifier>{632C9332-A0B2-BB90-4896-0AA600FCDB92}</UniqueIdentifier>
    </Filter>
    <Filter Include="..">
      <UniqueIdentifier>{739DB09A-CC57-A953-A6CF-F64FA08E4FA7}</UniqueIdentifier>
    </Filter>
    <Filter Include="..\..">
      <UniqueIdentifier>{739DB09A-CC57-A953-A6CF-F64FA08E4FA7}</UniqueIdentifier>
    </Filter>
    <Filter Include="..\..\src">
      <UniqueIdentifier>{8CDEE807-BC53-E450-C8B8-4DEBB66742D4}</UniqueIdentifier>
    </Filter>
    <Filter Include="..\..\src\tests">
      <UniqueIdentifier>{71685B5B-5DB1-D3F0-6DF4-FE19B5454C87}</UniqueIdentifier>
    </Filter>
    <Filter Include="..\..\src\tests\preprocessor_tests">
      <UniqueIdentifier>{632C9332-A0B2-BB90-4896-0AA600FCDB92}</UniqueIdentifier>
    </Filter>
    <Filter Include="..">
      <UniqueIdentifier>{739DB09A-CC57-A953-A6CF-F64FA08E4FA7}</UniqueIdentifier>
    </Filter>
    <Filter Include="..\..">
      <UniqueIdentifier>{739DB09A-CC57-A953-A6CF-F64FA08E4FA7}</UniqueIdentifier>
    </Filter>
    <Filter Include="..\..\src">
      <UniqueIdentifier>{8CDEE807-BC53-E450-C8B8-4DEBB66742D4}</UniqueIdentifier>
    </Filter>
    <Filter Include="..\..\src\tests">
      <UniqueIdentifier>{71685B5B-5DB1-D3F0-6DF4-FE19B5454C87}</UniqueIdentifier>
    </Filter>
    <Filter Include="..\..\src\tests\preprocessor_tests">
      <UniqueIdentifier>{632C9332-A0B2-BB90-4896-0AA600FCDB92}</UniqueIdentifier>
    </Filter>
    <Filter Include="..">
      <UniqueIdentifier>{739DB09A-CC57-A953-A6CF-F64FA08E4FA7}</UniqueIdentifier>
    </Filter>
    <Filter Include="..\..">
      <UniqueIdentifier>{739DB09A-CC57-A953-A6CF-F64FA08E4FA7}</UniqueIdentifier>
    </Filter>
    <Filter Include="..\..\src">
      <UniqueIdentifier>{8CDEE807-BC53-E450-C8B8-4DEBB66742D4}</UniqueIdentifier>
    </Filter>
    <Filter Include="..\..\src\tests">
      <UniqueIdentifier>{71685B5B-5DB1-D3F0-6DF4-FE19B5454C87}</UniqueIdentifier>
    </Filter>
    <Filter Include="..\..\src\tests\preprocessor_tests">
      <UniqueIdentifier>{632C9332-A0B2-BB90-4896-0AA600FCDB92}</UniqueIdentifier>
    </Filter>
    <Filter Include="..">
      <UniqueIdentifier>{739DB09A-CC57-A953-A6CF-F64FA08E4FA7}</UniqueIdentifier>
    </Filter>
    <Filter Include="..\..">
      <UniqueIdentifier>{739DB09A-CC57-A953-A6CF-F64FA08E4FA7}</UniqueIdentifier>
    </Filter>
    <Filter Include="..\..\src">
      <UniqueIdentifier>{8CDEE807-BC53-E450-C8B8-4DEBB66742D4}</UniqueIdentifier>
    </Filter>
    <Filter Include="..\..\src\tests">
      <UniqueIdentifier>{71685B5B-5DB1-D3F0-6DF4-FE19B5454C87}</UniqueIdentifier>
    </Filter>
    <Filter Include="..\..\src\tests\preprocessor_tests">
      <UniqueIdentifier>{632C9332-A0B2-BB90-4896-0AA600FCDB92}</UniqueIdentifier>
    </Filter>
    <Filter Include="..">
      <UniqueIdentifier>{739DB09A-CC57-A953-A6CF-F64FA08E4FA7}</UniqueIdentifier>
    </Filter>
    <Filter Include="..\..">
      <UniqueIdentifier>{739DB09A-CC57-A953-A6CF-F64FA08E4FA7}</UniqueIdentifier>
    </Filter>
    <Filter Include="..\..\src">
      <UniqueIdentifier>{8CDEE807-BC53-E450-C8B8-4DEBB66742D4}</UniqueIdentifier>
    </Filter>
    <Filter Include="..\..\src\tests">
      <UniqueIdentifier>{71685B5B-5DB1-D3F0-6DF4-FE19B5454C87}</UniqueIdentifier>
    </Filter>
    <Filter Include="..\..\src\tests\preprocessor_tests">
      <UniqueIdentifier>{632C9332-A0B2-BB90-4896-0AA600FCDB92}</UniqueIdentifier>
    </Filter>
    <Filter Include="..">
      <UniqueIdentifier>{739DB09A-CC57-A953-A6CF-F64FA08E4FA7}</UniqueIdentifier>
    </Filter>
    <Filter Include="..\..">
      <UniqueIdentifier>{739DB09A-CC57-A953-A6CF-F64FA08E4FA7}</UniqueIdentifier>
    </Filter>
    <Filter Include="..\..\src">
      <UniqueIdentifier>{8CDEE807-BC53-E450-C8B8-4DEBB66742D4}</UniqueIdentifier>
    </Filter>
    <Filter Include="..\..\src\tests">
      <UniqueIdentifier>{71685B5B-5DB1-D3F0-6DF4-FE19B5454C87}</UniqueIdentifier>
    </Filter>
    <Filter Include="..\..\src\tests\preprocessor_tests">
      <UniqueIdentifier>{632C9332-A0B2-BB90-4896-0AA600FCDB92}</UniqueIdentifier>
    </Filter>
    <Filter Include="..">
      <UniqueIdentifier>{739DB09A-CC57-A953-A6CF-F64FA08E4FA7}</UniqueIdentifier>
    </Filter>
    <Filter Include="..\..">
      <UniqueIdentifier>{739DB09A-CC57-A953-A6CF-F64FA08E4FA7}</UniqueIdentifier>
    </Filter>
    <Filter Include="..\..\src">
      <UniqueIdentifier>{8CDEE807-BC53-E450-C8B8-4DEBB66742D4}</UniqueIdentifier>
    </Filter>
    <Filter Include="..\..\src\tests">
      <UniqueIdentifier>{71685B5B-5DB1-D3F0-6DF4-FE19B5454C87}</UniqueIdentifier>
    </Filter>
    <Filter Include="..\..\src\tests\preprocessor_tests">
      <UniqueIdentifier>{632C9332-A0B2-BB90-4896-0AA600FCDB92}</UniqueIdentifier>
    </Filter>
    <Filter Include="..">
      <UniqueIdentifier>{739DB09A-CC57-A953-A6CF-F64FA08E4FA7}</UniqueIdentifier>
    </Filter>
    <Filter Include="..\..">
      <UniqueIdentifier>{739DB09A-CC57-A953-A6CF-F64FA08E4FA7}</UniqueIdentifier>
    </Filter>
    <Filter Include="..\..\src">
      <UniqueIdentifier>{8CDEE807-BC53-E450-C8B8-4DEBB66742D4}</UniqueIdentifier>
    </Filter>
    <Filter Include="..\..\src\tests">
      <UniqueIdentifier>{71685B5B-5DB1-D3F0-6DF4-FE19B5454C87}</UniqueIdentifier>
    </Filter>
    <Filter Include="..\..\src\tests\preprocessor_tests">
      <UniqueIdentifier>{632C9332-A0B2-BB90-4896-0AA600FCDB92}</UniqueIdentifier>
    </Filter>
    <Filter Include="..">
      <UniqueIdentifier>{739DB09A-CC57-A953-A6CF-F64FA08E4FA7}</UniqueIdentifier>
    </Filter>
    <Filter Include="..\..">
      <UniqueIdentifier>{739DB09A-CC57-A953-A6CF-F64FA08E4FA7}</UniqueIdentifier>
    </Filter>
    <Filter Include="..\..\src">
      <UniqueIdentifier>{8CDEE807-BC53-E450-C8B8-4DEBB66742D4}</UniqueIdentifier>
    </Filter>
    <Filter Include="..\..\src\tests">
      <UniqueIdentifier>{71685B5B-5DB1-D3F0-6DF4-FE19B5454C87}</UniqueIdentifier>
    </Filter>
    <Filter Include="..\..\src\tests\preprocessor_tests">
      <UniqueIdentifier>{632C9332-A0B2-BB90-4896-0AA600FCDB92}</UniqueIdentifier>
    </Filter>
    <Filter Include="..">
      <UniqueIdentifier>{739DB09A-CC57-A953-A6CF-F64FA08E4FA7}</UniqueIdentifier>
    </Filter>
    <Filter Include="..\..">
      <UniqueIdentifier>{739DB09A-CC57-A953-A6CF-F64FA08E4FA7}</UniqueIdentifier>
    </Filter>
    <Filter Include="..\..\src">
      <UniqueIdentifier>{8CDEE807-BC53-E450-C8B8-4DEBB66742D4}</UniqueIdentifier>
    </Filter>
    <Filter Include="..\..\src\tests">
      <UniqueIdentifier>{71685B5B-5DB1-D3F0-6DF4-FE19B5454C87}</UniqueIdentifier>
    </Filter>
    <Filter Include="..\..\src\tests\preprocessor_tests">
      <UniqueIdentifier>{632C9332-A0B2-BB90-4896-0AA600FCDB92}</UniqueIdentifier>
    </Filter>
    <Filter Include="..">
      <UniqueIdentifier>{739DB09A-CC57-A953-A6CF-F64FA08E4FA7}</UniqueIdentifier>
    </Filter>
    <Filter Include="..\..">
      <UniqueIdentifier>{739DB09A-CC57-A953-A6CF-F64FA08E4FA7}</UniqueIdentifier>
    </Filter>
    <Filter Include="..\..\src">
      <UniqueIdentifier>{8CDEE807-BC53-E450-C8B8-4DEBB66742D4}</UniqueIdentifier>
    </Filter>
    <Filter Include="..\..\src\tests">
      <UniqueIdentifier>{71685B5B-5DB1-D3F0-6DF4-FE19B5454C87}</UniqueIdentifier>
    </Filter>
    <Filter Include="..\..\src\tests\preprocessor_tests">
      <UniqueIdentifier>{632C9332-A0B2-BB90-4896-0AA600FCDB92}</UniqueIdentifier>
    </Filter>
    <Filter Include="..">
      <UniqueIdentifier>{739DB09A-CC57-A953-A6CF-F64FA08E4FA7}</UniqueIdentifier>
    </Filter>
    <Filter Include="..\..">
      <UniqueIdentifier>{739DB09A-CC57-A953-A6CF-F64FA08E4FA7}</UniqueIdentifier>
    </Filter>
    <Filter Include="..\..\src">
      <UniqueIdentifier>{8CDEE807-BC53-E450-C8B8-4DEBB66742D4}</UniqueIdentifier>
    </Filter>
    <Filter Include="..\..\src\tests">
      <UniqueIdentifier>{71685B5B-5DB1-D3F0-6DF4-FE19B5454C87}</UniqueIdentifier>
    </Filter>
    <Filter Include="..\..\src\tests\preprocessor_tests">
      <UniqueIdentifier>{632C9332-A0B2-BB90-4896-0AA600FCDB92}</UniqueIdentifier>
    </Filter>
    <Filter Include="..">
      <UniqueIdentifier>{739DB09A-CC57-A953-A6CF-F64FA08E4FA7}</UniqueIdentifier>
    </Filter>
    <Filter Include="..\..">
      <UniqueIdentifier>{739DB09A-CC57-A953-A6CF-F64FA08E4FA7}</UniqueIdentifier>
    </Filter>
    <Filter Include="..\..\src">
      <UniqueIdentifier>{8CDEE807-BC53-E450-C8B8-4DEBB66742D4}</UniqueIdentifier>
    </Filter>
    <Filter Include="..\..\src\tests">
      <UniqueIdentifier>{71685B5B-5DB1-D3F0-6DF4-FE19B5454C87}</UniqueIdentifier>
    </Filter>
    <Filter Include="..\..\src\tests\preprocessor_tests">
      <UniqueIdentifier>{632C9332-A0B2-BB90-4896-0AA600FCDB92}</UniqueIdentifier>
    </Filter>
    <Filter Include="..">
      <UniqueIdentifier>{739DB09A-CC57-A953-A6CF-F64FA08E4FA7}</UniqueIdentifier>
    </Filter>
    <Filter Include="..\..">
      <UniqueIdentifier>{739DB09A-CC57-A953-A6CF-F64FA08E4FA7}</UniqueIdentifier>
    </Filter>
    <Filter Include="..\..\src">
      <UniqueIdentifier>{8CDEE807-BC53-E450-C8B8-4DEBB66742D4}</UniqueIdentifier>
    </Filter>
    <Filter Include="..\..\src\tests">
      <UniqueIdentifier>{71685B5B-5DB1-D3F0-6DF4-FE19B5454C87}</UniqueIdentifier>
    </Filter>
    <Filter Include="..\..\src\tests\preprocessor_tests">
      <UniqueIdentifier>{632C9332-A0B2-BB90-4896-0AA600FCDB92}</UniqueIdentifier>
    </Filter>
    <Filter Include="..">
      <UniqueIdentifier>{739DB09A-CC57-A953-A6CF-F64FA08E4FA7}</UniqueIdentifier>
    </Filter>
    <Filter Include="..\..">
      <UniqueIdentifier>{739DB09A-CC57-A953-A6CF-F64FA08E4FA7}</UniqueIdentifier>
    </Filter>
    <Filter Include="..\..\src">
      <UniqueIdentifier>{8CDEE807-BC53-E450-C8B8-4DEBB66742D4}</UniqueIdentifier>
    </Filter>
    <Filter Include="..\..\src\tests">
      <UniqueIdentifier>{71685B5B-5DB1-D3F0-6DF4-FE19B5454C87}</UniqueIdentifier>
    </Filter>
    <Filter Include="..\..\src\tests\preprocessor_tests">
      <UniqueIdentifier>{632C9332-A0B2-BB90-4896-0AA600FCDB92}</UniqueIdentifier>
    </Filter>
    <Filter Include="..">
      <UniqueIdentifier>{739DB09A-CC57-A953-A6CF-F64FA08E4FA7}</UniqueIdentifier>
    </Filter>
    <Filter Include="..\..">
      <UniqueIdentifier>{739DB09A-CC57-A953-A6CF-F64FA08E4FA7}</UniqueIdentifier>
    </Filter>
    <Filter Include="..\..\src">
      <UniqueIdentifier>{8CDEE807-BC53-E450-C8B8-4DEBB66742D4}</UniqueIdentifier>
    </Filter>
    <Filter Include="..\..\src\tests">
      <UniqueIdentifier>{71685B5B-5DB1-D3F0-6DF4-FE19B5454C87}</UniqueIdentifier>
    </Filter>
    <Filter Include="..\..\src\tests\preprocessor_tests">
      <UniqueIdentifier>{632C9332-A0B2-BB90-4896-0AA600FCDB92}</UniqueIdentifier>
    </Filter>
    <Filter Include="..">
      <UniqueIdentifier>{739DB09A-CC57-A953-A6CF-F64FA08E4FA7}</UniqueIdentifier>
    </Filter>
    <Filter Include="..\..">
      <UniqueIdentifier>{739DB09A-CC57-A953-A6CF-F64FA08E4FA7}</UniqueIdentifier>
    </Filter>
    <Filter Include="..\..\src">
      <UniqueIdentifier>{8CDEE807-BC53-E450-C8B8-4DEBB66742D4}</UniqueIdentifier>
    </Filter>
    <Filter Include="..\..\src\tests">
      <UniqueIdentifier>{71685B5B-5DB1-D3F0-6DF4-FE19B5454C87}</UniqueIdentifier>
    </Filter>
    <Filter Include="..\..\src\tests\preprocessor_tests">
      <UniqueIdentifier>{632C9332-A0B2-BB90-4896-0AA600FCDB92}</UniqueIdentifier>
    </Filter>
    <Filter Include="..">
      <UniqueIdentifier>{739DB09A-CC57-A953-A6CF-F64FA08E4FA7}</UniqueIdentifier>
    </Filter>
    <Filter Include="..\..">
      <UniqueIdentifier>{739DB09A-CC57-A953-A6CF-F64FA08E4FA7}</UniqueIdentifier>
    </Filter>
    <Filter Include="..\..\src">
      <UniqueIdentifier>{8CDEE807-BC53-E450-C8B8-4DEBB66742D4}</UniqueIdentifier>
    </Filter>
    <Filter Include="..\..\src\tests">
      <UniqueIdentifier>{71685B5B-5DB1-D3F0-6DF4-FE19B5454C87}</UniqueIdentifier>
    </Filter>
    <Filter Include="..\..\src\tests\test_utils">
      <UniqueIdentifier>{7A6B8B00-0BF3-CCF5-E4E0-34157314ABAC}</UniqueIdentifier>
    </Filter>
    <Filter Include="..">
      <UniqueIdentifier>{739DB09A-CC57-A953-A6CF-F64FA08E4FA7}</UniqueIdentifier>
    </Filter>
    <Filter Include="..\..">
      <UniqueIdentifier>{739DB09A-CC57-A953-A6CF-F64FA08E4FA7}</UniqueIdentifier>
    </Filter>
    <Filter Include="..\..\src">
      <UniqueIdentifier>{8CDEE807-BC53-E450-C8B8-4DEBB66742D4}</UniqueIdentifier>
    </Filter>
    <Filter Include="..\..\src\tests">
      <UniqueIdentifier>{71685B5B-5DB1-D3F0-6DF4-FE19B5454C87}</UniqueIdentifier>
    </Filter>
    <Filter Include="..\..\src\tests\test_utils">
      <UniqueIdentifier>{7A6B8B00-0BF3-CCF5-E4E0-34157314ABAC}</UniqueIdentifier>
    </Filter>
    <Filter Include="..">
      <UniqueIdentifier>{739DB09A-CC57-A953-A6CF-F64FA08E4FA7}</UniqueIdentifier>
    </Filter>
    <Filter Include="..\..">
      <UniqueIdentifier>{739DB09A-CC57-A953-A6CF-F64FA08E4FA7}</UniqueIdentifier>
    </Filter>
    <Filter Include="..\..\src">
      <UniqueIdentifier>{8CDEE807-BC53-E450-C8B8-4DEBB66742D4}</UniqueIdentifier>
    </Filter>
    <Filter Include="..\..\src\tests">
      <UniqueIdentifier>{71685B5B-5DB1-D3F0-6DF4-FE19B5454C87}</UniqueIdentifier>
    </Filter>
    <Filter Include="..\..\src\tests\compiler_tests">
      <UniqueIdentifier>{47629FA2-A2F0-F652-6220-97FEBB2815C2}</UniqueIdentifier>
    </Filter>
  </ItemGroup>
  <ItemGroup>
    <ClCompile Include="angle_unittests_main.cpp"/>
    <ClCompile Include="..\..\src\common\BitSetIterator_unittest.cpp">
      <Filter>..\..\src\common</Filter>
    </ClCompile>
    <ClCompile Include="..\..\src\common\Optional_unittest.cpp">
      <Filter>..\..\src\common</Filter>
    </ClCompile>
    <ClCompile Include="..\..\src\common\mathutil_unittest.cpp">
      <Filter>..\..\src\common</Filter>
    </ClCompile>
    <ClCompile Include="..\..\src\common\matrix_utils_unittest.cpp">
      <Filter>..\..\src\common</Filter>
    </ClCompile>
    <ClCompile Include="..\..\src\common\string_utils_unittest.cpp">
      <Filter>..\..\src\common</Filter>
    </ClCompile>
    <ClCompile Include="..\..\src\common\utilities_unittest.cpp">
      <Filter>..\..\src\common</Filter>
    </ClCompile>
    <ClCompile Include="..\..\src\libANGLE\BinaryStream_unittest.cpp">
      <Filter>..\..\src\libANGLE</Filter>
    </ClCompile>
    <ClCompile Include="..\..\src\libANGLE\Config_unittest.cpp">
      <Filter>..\..\src\libANGLE</Filter>
    </ClCompile>
    <ClCompile Include="..\..\src\libANGLE\Fence_unittest.cpp">
      <Filter>..\..\src\libANGLE</Filter>
    </ClCompile>
    <ClCompile Include="..\..\src\libANGLE\HandleAllocator_unittest.cpp">
      <Filter>..\..\src\libANGLE</Filter>
    </ClCompile>
    <ClCompile Include="..\..\src\libANGLE\HandleRangeAllocator_unittest.cpp">
      <Filter>..\..\src\libANGLE</Filter>
    </ClCompile>
    <ClCompile Include="..\..\src\libANGLE\Image_unittest.cpp">
      <Filter>..\..\src\libANGLE</Filter>
    </ClCompile>
    <ClCompile Include="..\..\src\libANGLE\ImageIndexIterator_unittest.cpp">
      <Filter>..\..\src\libANGLE</Filter>
    </ClCompile>
    <ClCompile Include="..\..\src\libANGLE\Program_unittest.cpp">
      <Filter>..\..\src\libANGLE</Filter>
    </ClCompile>
    <ClCompile Include="..\..\src\libANGLE\ResourceManager_unittest.cpp">
      <Filter>..\..\src\libANGLE</Filter>
    </ClCompile>
    <ClCompile Include="..\..\src\libANGLE\Surface_unittest.cpp">
      <Filter>..\..\src\libANGLE</Filter>
    </ClCompile>
    <ClCompile Include="..\..\src\libANGLE\TransformFeedback_unittest.cpp">
      <Filter>..\..\src\libANGLE</Filter>
    </ClCompile>
    <ClInclude Include="..\..\src\libANGLE\renderer\BufferImpl_mock.h">
      <Filter>..\..\src\libANGLE\renderer</Filter>
    </ClInclude>
    <ClInclude Include="..\..\src\libANGLE\renderer\FramebufferImpl_mock.h">
      <Filter>..\..\src\libANGLE\renderer</Filter>
    </ClInclude>
    <ClInclude Include="..\..\src\libANGLE\renderer\ProgramImpl_mock.h">
      <Filter>..\..\src\libANGLE\renderer</Filter>
    </ClInclude>
    <ClInclude Include="..\..\src\libANGLE\renderer\RenderbufferImpl_mock.h">
      <Filter>..\..\src\libANGLE\renderer</Filter>
    </ClInclude>
    <ClInclude Include="..\..\src\libANGLE\renderer\ImageImpl_mock.h">
      <Filter>..\..\src\libANGLE\renderer</Filter>
    </ClInclude>
    <ClInclude Include="..\..\src\libANGLE\renderer\TextureImpl_mock.h">
      <Filter>..\..\src\libANGLE\renderer</Filter>
    </ClInclude>
    <ClInclude Include="..\..\src\libANGLE\renderer\TransformFeedbackImpl_mock.h">
      <Filter>..\..\src\libANGLE\renderer</Filter>
    </ClInclude>
    <ClCompile Include="..\..\src\libANGLE\signal_utils_unittest.cpp">
      <Filter>..\..\src\libANGLE</Filter>
    </ClCompile>
    <ClCompile Include="..\..\src\libANGLE\validationES_unittest.cpp">
      <Filter>..\..\src\libANGLE</Filter>
    </ClCompile>
    <ClInclude Include="..\..\src\tests\angle_unittests_utils.h">
      <Filter>..\..\src\tests</Filter>
    </ClInclude>
    <ClCompile Include="..\..\src\tests\compiler_tests\API_test.cpp">
      <Filter>..\..\src\tests\compiler_tests</Filter>
    </ClCompile>
    <ClCompile Include="..\..\src\tests\compiler_tests\CollectVariables_test.cpp">
      <Filter>..\..\src\tests\compiler_tests</Filter>
    </ClCompile>
    <ClCompile Include="..\..\src\tests\compiler_tests\ConstantFolding_test.cpp">
      <Filter>..\..\src\tests\compiler_tests</Filter>
    </ClCompile>
    <ClCompile Include="..\..\src\tests\compiler_tests\DebugShaderPrecision_test.cpp">
      <Filter>..\..\src\tests\compiler_tests</Filter>
    </ClCompile>
    <ClCompile Include="..\..\src\tests\compiler_tests\EmulateGLFragColorBroadcast_test.cpp">
      <Filter>..\..\src\tests\compiler_tests</Filter>
    </ClCompile>
    <ClCompile Include="..\..\src\tests\compiler_tests\ExpressionLimit_test.cpp">
      <Filter>..\..\src\tests\compiler_tests</Filter>
    </ClCompile>
    <ClCompile Include="..\..\src\tests\compiler_tests\EXT_blend_func_extended_test.cpp">
      <Filter>..\..\src\tests\compiler_tests</Filter>
    </ClCompile>
    <ClCompile Include="..\..\src\tests\compiler_tests\FragDepth_test.cpp">
      <Filter>..\..\src\tests\compiler_tests</Filter>
    </ClCompile>
    <ClCompile Include="..\..\src\tests\compiler_tests\GLSLCompatibilityOutput_test.cpp">
      <Filter>..\..\src\tests\compiler_tests</Filter>
    </ClCompile>
    <ClCompile Include="..\..\src\tests\compiler_tests\IntermNode_test.cpp">
      <Filter>..\..\src\tests\compiler_tests</Filter>
    </ClCompile>
    <ClCompile Include="..\..\src\tests\compiler_tests\MalformedShader_test.cpp">
      <Filter>..\..\src\tests\compiler_tests</Filter>
    </ClCompile>
    <ClCompile Include="..\..\src\tests\compiler_tests\NV_draw_buffers_test.cpp">
      <Filter>..\..\src\tests\compiler_tests</Filter>
    </ClCompile>
    <ClCompile Include="..\..\src\tests\compiler_tests\Pack_Unpack_test.cpp">
      <Filter>..\..\src\tests\compiler_tests</Filter>
    </ClCompile>
    <ClCompile Include="..\..\src\tests\compiler_tests\PruneEmptyDeclarations_test.cpp">
      <Filter>..\..\src\tests\compiler_tests</Filter>
    </ClCompile>
    <ClCompile Include="..\..\src\tests\compiler_tests\PruneUnusedFunctions_test.cpp">
      <Filter>..\..\src\tests\compiler_tests</Filter>
    </ClCompile>
    <ClCompile Include="..\..\src\tests\compiler_tests\QualificationOrderESSL31_test.cpp">
      <Filter>..\..\src\tests\compiler_tests</Filter>
    </ClCompile>
    <ClCompile Include="..\..\src\tests\compiler_tests\QualificationOrder_test.cpp">
      <Filter>..\..\src\tests\compiler_tests</Filter>
    </ClCompile>
    <ClCompile Include="..\..\src\tests\compiler_tests\RecordConstantPrecision_test.cpp">
      <Filter>..\..\src\tests\compiler_tests</Filter>
    </ClCompile>
    <ClCompile Include="..\..\src\tests\compiler_tests\RemovePow_test.cpp">
      <Filter>..\..\src\tests\compiler_tests</Filter>
    </ClCompile>
    <ClCompile Include="..\..\src\tests\compiler_tests\ShaderExtension_test.cpp">
      <Filter>..\..\src\tests\compiler_tests</Filter>
    </ClCompile>
    <ClCompile Include="..\..\src\tests\compiler_tests\ShaderVariable_test.cpp">
      <Filter>..\..\src\tests\compiler_tests</Filter>
    </ClCompile>
    <ClCompile Include="..\..\src\tests\compiler_tests\ShCompile_test.cpp">
      <Filter>..\..\src\tests\compiler_tests</Filter>
    </ClCompile>
    <ClCompile Include="..\..\src\tests\compiler_tests\TypeTracking_test.cpp">
      <Filter>..\..\src\tests\compiler_tests</Filter>
    </ClCompile>
    <ClCompile Include="..\..\src\tests\compiler_tests\VariablePacker_test.cpp">
      <Filter>..\..\src\tests\compiler_tests</Filter>
    </ClCompile>
    <ClCompile Include="..\..\src\tests\compiler_tests\WorkGroupSize_test.cpp">
      <Filter>..\..\src\tests\compiler_tests</Filter>
    </ClCompile>
    <ClCompile Include="..\..\src\tests\preprocessor_tests\char_test.cpp">
      <Filter>..\..\src\tests\preprocessor_tests</Filter>
    </ClCompile>
    <ClCompile Include="..\..\src\tests\preprocessor_tests\comment_test.cpp">
      <Filter>..\..\src\tests\preprocessor_tests</Filter>
    </ClCompile>
    <ClCompile Include="..\..\src\tests\preprocessor_tests\define_test.cpp">
      <Filter>..\..\src\tests\preprocessor_tests</Filter>
    </ClCompile>
    <ClCompile Include="..\..\src\tests\preprocessor_tests\error_test.cpp">
      <Filter>..\..\src\tests\preprocessor_tests</Filter>
    </ClCompile>
    <ClCompile Include="..\..\src\tests\preprocessor_tests\extension_test.cpp">
      <Filter>..\..\src\tests\preprocessor_tests</Filter>
    </ClCompile>
    <ClCompile Include="..\..\src\tests\preprocessor_tests\identifier_test.cpp">
      <Filter>..\..\src\tests\preprocessor_tests</Filter>
    </ClCompile>
    <ClCompile Include="..\..\src\tests\preprocessor_tests\if_test.cpp">
      <Filter>..\..\src\tests\preprocessor_tests</Filter>
    </ClCompile>
    <ClCompile Include="..\..\src\tests\preprocessor_tests\input_test.cpp">
      <Filter>..\..\src\tests\preprocessor_tests</Filter>
    </ClCompile>
    <ClCompile Include="..\..\src\tests\preprocessor_tests\location_test.cpp">
      <Filter>..\..\src\tests\preprocessor_tests</Filter>
    </ClCompile>
    <ClInclude Include="..\..\src\tests\preprocessor_tests\MockDiagnostics.h">
      <Filter>..\..\src\tests\preprocessor_tests</Filter>
    </ClInclude>
    <ClInclude Include="..\..\src\tests\preprocessor_tests\MockDirectiveHandler.h">
      <Filter>..\..\src\tests\preprocessor_tests</Filter>
    </ClInclude>
    <ClCompile Include="..\..\src\tests\preprocessor_tests\number_test.cpp">
      <Filter>..\..\src\tests\preprocessor_tests</Filter>
    </ClCompile>
    <ClCompile Include="..\..\src\tests\preprocessor_tests\operator_test.cpp">
      <Filter>..\..\src\tests\preprocessor_tests</Filter>
    </ClCompile>
    <ClCompile Include="..\..\src\tests\preprocessor_tests\pragma_test.cpp">
      <Filter>..\..\src\tests\preprocessor_tests</Filter>
    </ClCompile>
    <ClCompile Include="..\..\src\tests\preprocessor_tests\PreprocessorTest.cpp">
      <Filter>..\..\src\tests\preprocessor_tests</Filter>
    </ClCompile>
    <ClInclude Include="..\..\src\tests\preprocessor_tests\PreprocessorTest.h">
      <Filter>..\..\src\tests\preprocessor_tests</Filter>
    </ClInclude>
    <ClCompile Include="..\..\src\tests\preprocessor_tests\space_test.cpp">
      <Filter>..\..\src\tests\preprocessor_tests</Filter>
    </ClCompile>
    <ClCompile Include="..\..\src\tests\preprocessor_tests\token_test.cpp">
      <Filter>..\..\src\tests\preprocessor_tests</Filter>
    </ClCompile>
    <ClCompile Include="..\..\src\tests\preprocessor_tests\version_test.cpp">
      <Filter>..\..\src\tests\preprocessor_tests</Filter>
    </ClCompile>
    <ClCompile Include="..\..\src\tests\test_utils\compiler_test.cpp">
      <Filter>..\..\src\tests\test_utils</Filter>
    </ClCompile>
    <ClInclude Include="..\..\src\tests\test_utils\compiler_test.h">
      <Filter>..\..\src\tests\test_utils</Filter>
    </ClInclude>
    <ClCompile Include="..\..\src\tests\compiler_tests\UnrollFlatten_test.cpp">
      <Filter>..\..\src\tests\compiler_tests</Filter>
    </ClCompile>
    <None Include="tests.gyp"/>
  </ItemGroup>
</Project>
