<?xml version="1.0" encoding="utf-8"?>
<Project ToolsVersion="4.0" xmlns="http://schemas.microsoft.com/developer/msbuild/2003">
  <ItemGroup>
    <Filter Include="..">
      <UniqueIdentifier>{739DB09A-CC57-A953-A6CF-F64FA08E4FA7}</UniqueIdentifier>
    </Filter>
    <Filter Include="..\..">
      <UniqueIdentifier>{739DB09A-CC57-A953-A6CF-F64FA08E4FA7}</UniqueIdentifier>
    </Filter>
    <Filter Include="..\..\src">
      <UniqueIdentifier>{8CDEE807-BC53-E450-C8B8-4DEBB66742D4}</UniqueIdentifier>
    </Filter>
    <Filter Include="..\..\src\tests">
      <UniqueIdentifier>{71685B5B-5DB1-D3F0-6DF4-FE19B5454C87}</UniqueIdentifier>
    </Filter>
    <Filter Include="..\..\src\tests\gl_tests">
      <UniqueIdentifier>{676B3CF7-225C-0CF1-ED2A-BED9545844DF}</UniqueIdentifier>
    </Filter>
    <Filter Include="..">
      <UniqueIdentifier>{739DB09A-CC57-A953-A6CF-F64FA08E4FA7}</UniqueIdentifier>
    </Filter>
    <Filter Include="..\..">
      <UniqueIdentifier>{739DB09A-CC57-A953-A6CF-F64FA08E4FA7}</UniqueIdentifier>
    </Filter>
    <Filter Include="..\..\src">
      <UniqueIdentifier>{8CDEE807-BC53-E450-C8B8-4DEBB66742D4}</UniqueIdentifier>
    </Filter>
    <Filter Include="..\..\src\tests">
      <UniqueIdentifier>{71685B5B-5DB1-D3F0-6DF4-FE19B5454C87}</UniqueIdentifier>
    </Filter>
    <Filter Include="..\..\src\tests\gl_tests">
      <UniqueIdentifier>{676B3CF7-225C-0CF1-ED2A-BED9545844DF}</UniqueIdentifier>
    </Filter>
    <Filter Include="..">
      <UniqueIdentifier>{739DB09A-CC57-A953-A6CF-F64FA08E4FA7}</UniqueIdentifier>
    </Filter>
    <Filter Include="..\..">
      <UniqueIdentifier>{739DB09A-CC57-A953-A6CF-F64FA08E4FA7}</UniqueIdentifier>
    </Filter>
    <Filter Include="..\..\src">
      <UniqueIdentifier>{8CDEE807-BC53-E450-C8B8-4DEBB66742D4}</UniqueIdentifier>
    </Filter>
    <Filter Include="..\..\src\tests">
      <UniqueIdentifier>{71685B5B-5DB1-D3F0-6DF4-FE19B5454C87}</UniqueIdentifier>
    </Filter>
    <Filter Include="..\..\src\tests\gl_tests">
      <UniqueIdentifier>{676B3CF7-225C-0CF1-ED2A-BED9545844DF}</UniqueIdentifier>
    </Filter>
    <Filter Include="..">
      <UniqueIdentifier>{739DB09A-CC57-A953-A6CF-F64FA08E4FA7}</UniqueIdentifier>
    </Filter>
    <Filter Include="..\..">
      <UniqueIdentifier>{739DB09A-CC57-A953-A6CF-F64FA08E4FA7}</UniqueIdentifier>
    </Filter>
    <Filter Include="..\..\src">
      <UniqueIdentifier>{8CDEE807-BC53-E450-C8B8-4DEBB66742D4}</UniqueIdentifier>
    </Filter>
    <Filter Include="..\..\src\tests">
      <UniqueIdentifier>{71685B5B-5DB1-D3F0-6DF4-FE19B5454C87}</UniqueIdentifier>
    </Filter>
    <Filter Include="..\..\src\tests\gl_tests">
      <UniqueIdentifier>{676B3CF7-225C-0CF1-ED2A-BED9545844DF}</UniqueIdentifier>
    </Filter>
    <Filter Include="..">
      <UniqueIdentifier>{739DB09A-CC57-A953-A6CF-F64FA08E4FA7}</UniqueIdentifier>
    </Filter>
    <Filter Include="..\..">
      <UniqueIdentifier>{739DB09A-CC57-A953-A6CF-F64FA08E4FA7}</UniqueIdentifier>
    </Filter>
    <Filter Include="..\..\src">
      <UniqueIdentifier>{8CDEE807-BC53-E450-C8B8-4DEBB66742D4}</UniqueIdentifier>
    </Filter>
    <Filter Include="..\..\src\tests">
      <UniqueIdentifier>{71685B5B-5DB1-D3F0-6DF4-FE19B5454C87}</UniqueIdentifier>
    </Filter>
    <Filter Include="..\..\src\tests\gl_tests">
      <UniqueIdentifier>{676B3CF7-225C-0CF1-ED2A-BED9545844DF}</UniqueIdentifier>
    </Filter>
    <Filter Include="..">
      <UniqueIdentifier>{739DB09A-CC57-A953-A6CF-F64FA08E4FA7}</UniqueIdentifier>
    </Filter>
    <Filter Include="..\..">
      <UniqueIdentifier>{739DB09A-CC57-A953-A6CF-F64FA08E4FA7}</UniqueIdentifier>
    </Filter>
    <Filter Include="..\..\src">
      <UniqueIdentifier>{8CDEE807-BC53-E450-C8B8-4DEBB66742D4}</UniqueIdentifier>
    </Filter>
    <Filter Include="..\..\src\tests">
      <UniqueIdentifier>{71685B5B-5DB1-D3F0-6DF4-FE19B5454C87}</UniqueIdentifier>
    </Filter>
    <Filter Include="..\..\src\tests\gl_tests">
      <UniqueIdentifier>{676B3CF7-225C-0CF1-ED2A-BED9545844DF}</UniqueIdentifier>
    </Filter>
    <Filter Include="..">
      <UniqueIdentifier>{739DB09A-CC57-A953-A6CF-F64FA08E4FA7}</UniqueIdentifier>
    </Filter>
    <Filter Include="..\..">
      <UniqueIdentifier>{739DB09A-CC57-A953-A6CF-F64FA08E4FA7}</UniqueIdentifier>
    </Filter>
    <Filter Include="..\..\src">
      <UniqueIdentifier>{8CDEE807-BC53-E450-C8B8-4DEBB66742D4}</UniqueIdentifier>
    </Filter>
    <Filter Include="..\..\src\tests">
      <UniqueIdentifier>{71685B5B-5DB1-D3F0-6DF4-FE19B5454C87}</UniqueIdentifier>
    </Filter>
    <Filter Include="..\..\src\tests\gl_tests">
      <UniqueIdentifier>{676B3CF7-225C-0CF1-ED2A-BED9545844DF}</UniqueIdentifier>
    </Filter>
    <Filter Include="..">
      <UniqueIdentifier>{739DB09A-CC57-A953-A6CF-F64FA08E4FA7}</UniqueIdentifier>
    </Filter>
    <Filter Include="..\..">
      <UniqueIdentifier>{739DB09A-CC57-A953-A6CF-F64FA08E4FA7}</UniqueIdentifier>
    </Filter>
    <Filter Include="..\..\src">
      <UniqueIdentifier>{8CDEE807-BC53-E450-C8B8-4DEBB66742D4}</UniqueIdentifier>
    </Filter>
    <Filter Include="..\..\src\tests">
      <UniqueIdentifier>{71685B5B-5DB1-D3F0-6DF4-FE19B5454C87}</UniqueIdentifier>
    </Filter>
    <Filter Include="..\..\src\tests\gl_tests">
      <UniqueIdentifier>{676B3CF7-225C-0CF1-ED2A-BED9545844DF}</UniqueIdentifier>
    </Filter>
    <Filter Include="..">
      <UniqueIdentifier>{739DB09A-CC57-A953-A6CF-F64FA08E4FA7}</UniqueIdentifier>
    </Filter>
    <Filter Include="..\..">
      <UniqueIdentifier>{739DB09A-CC57-A953-A6CF-F64FA08E4FA7}</UniqueIdentifier>
    </Filter>
    <Filter Include="..\..\src">
      <UniqueIdentifier>{8CDEE807-BC53-E450-C8B8-4DEBB66742D4}</UniqueIdentifier>
    </Filter>
    <Filter Include="..\..\src\tests">
      <UniqueIdentifier>{71685B5B-5DB1-D3F0-6DF4-FE19B5454C87}</UniqueIdentifier>
    </Filter>
    <Filter Include="..\..\src\tests\gl_tests">
      <UniqueIdentifier>{676B3CF7-225C-0CF1-ED2A-BED9545844DF}</UniqueIdentifier>
    </Filter>
    <Filter Include="..">
      <UniqueIdentifier>{739DB09A-CC57-A953-A6CF-F64FA08E4FA7}</UniqueIdentifier>
    </Filter>
    <Filter Include="..\..">
      <UniqueIdentifier>{739DB09A-CC57-A953-A6CF-F64FA08E4FA7}</UniqueIdentifier>
    </Filter>
    <Filter Include="..\..\src">
      <UniqueIdentifier>{8CDEE807-BC53-E450-C8B8-4DEBB66742D4}</UniqueIdentifier>
    </Filter>
    <Filter Include="..\..\src\tests">
      <UniqueIdentifier>{71685B5B-5DB1-D3F0-6DF4-FE19B5454C87}</UniqueIdentifier>
    </Filter>
    <Filter Include="..\..\src\tests\gl_tests">
      <UniqueIdentifier>{676B3CF7-225C-0CF1-ED2A-BED9545844DF}</UniqueIdentifier>
    </Filter>
    <Filter Include="..">
      <UniqueIdentifier>{739DB09A-CC57-A953-A6CF-F64FA08E4FA7}</UniqueIdentifier>
    </Filter>
    <Filter Include="..\..">
      <UniqueIdentifier>{739DB09A-CC57-A953-A6CF-F64FA08E4FA7}</UniqueIdentifier>
    </Filter>
    <Filter Include="..\..\src">
      <UniqueIdentifier>{8CDEE807-BC53-E450-C8B8-4DEBB66742D4}</UniqueIdentifier>
    </Filter>
    <Filter Include="..\..\src\tests">
      <UniqueIdentifier>{71685B5B-5DB1-D3F0-6DF4-FE19B5454C87}</UniqueIdentifier>
    </Filter>
    <Filter Include="..\..\src\tests\gl_tests">
      <UniqueIdentifier>{676B3CF7-225C-0CF1-ED2A-BED9545844DF}</UniqueIdentifier>
    </Filter>
    <Filter Include="..">
      <UniqueIdentifier>{739DB09A-CC57-A953-A6CF-F64FA08E4FA7}</UniqueIdentifier>
    </Filter>
    <Filter Include="..\..">
      <UniqueIdentifier>{739DB09A-CC57-A953-A6CF-F64FA08E4FA7}</UniqueIdentifier>
    </Filter>
    <Filter Include="..\..\src">
      <UniqueIdentifier>{8CDEE807-BC53-E450-C8B8-4DEBB66742D4}</UniqueIdentifier>
    </Filter>
    <Filter Include="..\..\src\tests">
      <UniqueIdentifier>{71685B5B-5DB1-D3F0-6DF4-FE19B5454C87}</UniqueIdentifier>
    </Filter>
    <Filter Include="..\..\src\tests\gl_tests">
      <UniqueIdentifier>{676B3CF7-225C-0CF1-ED2A-BED9545844DF}</UniqueIdentifier>
    </Filter>
    <Filter Include="..">
      <UniqueIdentifier>{739DB09A-CC57-A953-A6CF-F64FA08E4FA7}</UniqueIdentifier>
    </Filter>
    <Filter Include="..\..">
      <UniqueIdentifier>{739DB09A-CC57-A953-A6CF-F64FA08E4FA7}</UniqueIdentifier>
    </Filter>
    <Filter Include="..\..\src">
      <UniqueIdentifier>{8CDEE807-BC53-E450-C8B8-4DEBB66742D4}</UniqueIdentifier>
    </Filter>
    <Filter Include="..\..\src\tests">
      <UniqueIdentifier>{71685B5B-5DB1-D3F0-6DF4-FE19B5454C87}</UniqueIdentifier>
    </Filter>
    <Filter Include="..\..\src\tests\gl_tests">
      <UniqueIdentifier>{676B3CF7-225C-0CF1-ED2A-BED9545844DF}</UniqueIdentifier>
    </Filter>
    <Filter Include="..">
      <UniqueIdentifier>{739DB09A-CC57-A953-A6CF-F64FA08E4FA7}</UniqueIdentifier>
    </Filter>
    <Filter Include="..\..">
      <UniqueIdentifier>{739DB09A-CC57-A953-A6CF-F64FA08E4FA7}</UniqueIdentifier>
    </Filter>
    <Filter Include="..\..\src">
      <UniqueIdentifier>{8CDEE807-BC53-E450-C8B8-4DEBB66742D4}</UniqueIdentifier>
    </Filter>
    <Filter Include="..\..\src\tests">
      <UniqueIdentifier>{71685B5B-5DB1-D3F0-6DF4-FE19B5454C87}</UniqueIdentifier>
    </Filter>
    <Filter Include="..\..\src\tests\gl_tests">
      <UniqueIdentifier>{676B3CF7-225C-0CF1-ED2A-BED9545844DF}</UniqueIdentifier>
    </Filter>
    <Filter Include="..">
      <UniqueIdentifier>{739DB09A-CC57-A953-A6CF-F64FA08E4FA7}</UniqueIdentifier>
    </Filter>
    <Filter Include="..\..">
      <UniqueIdentifier>{739DB09A-CC57-A953-A6CF-F64FA08E4FA7}</UniqueIdentifier>
    </Filter>
    <Filter Include="..\..\src">
      <UniqueIdentifier>{8CDEE807-BC53-E450-C8B8-4DEBB66742D4}</UniqueIdentifier>
    </Filter>
    <Filter Include="..\..\src\tests">
      <UniqueIdentifier>{71685B5B-5DB1-D3F0-6DF4-FE19B5454C87}</UniqueIdentifier>
    </Filter>
    <Filter Include="..\..\src\tests\gl_tests">
      <UniqueIdentifier>{676B3CF7-225C-0CF1-ED2A-BED9545844DF}</UniqueIdentifier>
    </Filter>
    <Filter Include="..">
      <UniqueIdentifier>{739DB09A-CC57-A953-A6CF-F64FA08E4FA7}</UniqueIdentifier>
    </Filter>
    <Filter Include="..\..">
      <UniqueIdentifier>{739DB09A-CC57-A953-A6CF-F64FA08E4FA7}</UniqueIdentifier>
    </Filter>
    <Filter Include="..\..\src">
      <UniqueIdentifier>{8CDEE807-BC53-E450-C8B8-4DEBB66742D4}</UniqueIdentifier>
    </Filter>
    <Filter Include="..\..\src\tests">
      <UniqueIdentifier>{71685B5B-5DB1-D3F0-6DF4-FE19B5454C87}</UniqueIdentifier>
    </Filter>
    <Filter Include="..\..\src\tests\gl_tests">
      <UniqueIdentifier>{676B3CF7-225C-0CF1-ED2A-BED9545844DF}</UniqueIdentifier>
    </Filter>
    <Filter Include="..">
      <UniqueIdentifier>{739DB09A-CC57-A953-A6CF-F64FA08E4FA7}</UniqueIdentifier>
    </Filter>
    <Filter Include="..\..">
      <UniqueIdentifier>{739DB09A-CC57-A953-A6CF-F64FA08E4FA7}</UniqueIdentifier>
    </Filter>
    <Filter Include="..\..\src">
      <UniqueIdentifier>{8CDEE807-BC53-E450-C8B8-4DEBB66742D4}</UniqueIdentifier>
    </Filter>
    <Filter Include="..\..\src\tests">
      <UniqueIdentifier>{71685B5B-5DB1-D3F0-6DF4-FE19B5454C87}</UniqueIdentifier>
    </Filter>
    <Filter Include="..\..\src\tests\gl_tests">
      <UniqueIdentifier>{676B3CF7-225C-0CF1-ED2A-BED9545844DF}</UniqueIdentifier>
    </Filter>
    <Filter Include="..">
      <UniqueIdentifier>{739DB09A-CC57-A953-A6CF-F64FA08E4FA7}</UniqueIdentifier>
    </Filter>
    <Filter Include="..\..">
      <UniqueIdentifier>{739DB09A-CC57-A953-A6CF-F64FA08E4FA7}</UniqueIdentifier>
    </Filter>
    <Filter Include="..\..\src">
      <UniqueIdentifier>{8CDEE807-BC53-E450-C8B8-4DEBB66742D4}</UniqueIdentifier>
    </Filter>
    <Filter Include="..\..\src\tests">
      <UniqueIdentifier>{71685B5B-5DB1-D3F0-6DF4-FE19B5454C87}</UniqueIdentifier>
    </Filter>
    <Filter Include="..\..\src\tests\gl_tests">
      <UniqueIdentifier>{676B3CF7-225C-0CF1-ED2A-BED9545844DF}</UniqueIdentifier>
    </Filter>
    <Filter Include="..">
      <UniqueIdentifier>{739DB09A-CC57-A953-A6CF-F64FA08E4FA7}</UniqueIdentifier>
    </Filter>
    <Filter Include="..\..">
      <UniqueIdentifier>{739DB09A-CC57-A953-A6CF-F64FA08E4FA7}</UniqueIdentifier>
    </Filter>
    <Filter Include="..\..\src">
      <UniqueIdentifier>{8CDEE807-BC53-E450-C8B8-4DEBB66742D4}</UniqueIdentifier>
    </Filter>
    <Filter Include="..\..\src\tests">
      <UniqueIdentifier>{71685B5B-5DB1-D3F0-6DF4-FE19B5454C87}</UniqueIdentifier>
    </Filter>
    <Filter Include="..\..\src\tests\gl_tests">
      <UniqueIdentifier>{676B3CF7-225C-0CF1-ED2A-BED9545844DF}</UniqueIdentifier>
    </Filter>
    <Filter Include="..">
      <UniqueIdentifier>{739DB09A-CC57-A953-A6CF-F64FA08E4FA7}</UniqueIdentifier>
    </Filter>
    <Filter Include="..\..">
      <UniqueIdentifier>{739DB09A-CC57-A953-A6CF-F64FA08E4FA7}</UniqueIdentifier>
    </Filter>
    <Filter Include="..\..\src">
      <UniqueIdentifier>{8CDEE807-BC53-E450-C8B8-4DEBB66742D4}</UniqueIdentifier>
    </Filter>
    <Filter Include="..\..\src\tests">
      <UniqueIdentifier>{71685B5B-5DB1-D3F0-6DF4-FE19B5454C87}</UniqueIdentifier>
    </Filter>
    <Filter Include="..\..\src\tests\gl_tests">
      <UniqueIdentifier>{676B3CF7-225C-0CF1-ED2A-BED9545844DF}</UniqueIdentifier>
    </Filter>
    <Filter Include="..">
      <UniqueIdentifier>{739DB09A-CC57-A953-A6CF-F64FA08E4FA7}</UniqueIdentifier>
    </Filter>
    <Filter Include="..\..">
      <UniqueIdentifier>{739DB09A-CC57-A953-A6CF-F64FA08E4FA7}</UniqueIdentifier>
    </Filter>
    <Filter Include="..\..\src">
      <UniqueIdentifier>{8CDEE807-BC53-E450-C8B8-4DEBB66742D4}</UniqueIdentifier>
    </Filter>
    <Filter Include="..\..\src\tests">
      <UniqueIdentifier>{71685B5B-5DB1-D3F0-6DF4-FE19B5454C87}</UniqueIdentifier>
    </Filter>
    <Filter Include="..\..\src\tests\gl_tests">
      <UniqueIdentifier>{676B3CF7-225C-0CF1-ED2A-BED9545844DF}</UniqueIdentifier>
    </Filter>
    <Filter Include="..">
      <UniqueIdentifier>{739DB09A-CC57-A953-A6CF-F64FA08E4FA7}</UniqueIdentifier>
    </Filter>
    <Filter Include="..\..">
      <UniqueIdentifier>{739DB09A-CC57-A953-A6CF-F64FA08E4FA7}</UniqueIdentifier>
    </Filter>
    <Filter Include="..\..\src">
      <UniqueIdentifier>{8CDEE807-BC53-E450-C8B8-4DEBB66742D4}</UniqueIdentifier>
    </Filter>
    <Filter Include="..\..\src\tests">
      <UniqueIdentifier>{71685B5B-5DB1-D3F0-6DF4-FE19B5454C87}</UniqueIdentifier>
    </Filter>
    <Filter Include="..\..\src\tests\gl_tests">
      <UniqueIdentifier>{676B3CF7-225C-0CF1-ED2A-BED9545844DF}</UniqueIdentifier>
    </Filter>
    <Filter Include="..">
      <UniqueIdentifier>{739DB09A-CC57-A953-A6CF-F64FA08E4FA7}</UniqueIdentifier>
    </Filter>
    <Filter Include="..\..">
      <UniqueIdentifier>{739DB09A-CC57-A953-A6CF-F64FA08E4FA7}</UniqueIdentifier>
    </Filter>
    <Filter Include="..\..\src">
      <UniqueIdentifier>{8CDEE807-BC53-E450-C8B8-4DEBB66742D4}</UniqueIdentifier>
    </Filter>
    <Filter Include="..\..\src\tests">
      <UniqueIdentifier>{71685B5B-5DB1-D3F0-6DF4-FE19B5454C87}</UniqueIdentifier>
    </Filter>
    <Filter Include="..\..\src\tests\gl_tests">
      <UniqueIdentifier>{676B3CF7-225C-0CF1-ED2A-BED9545844DF}</UniqueIdentifier>
    </Filter>
    <Filter Include="..">
      <UniqueIdentifier>{739DB09A-CC57-A953-A6CF-F64FA08E4FA7}</UniqueIdentifier>
    </Filter>
    <Filter Include="..\..">
      <UniqueIdentifier>{739DB09A-CC57-A953-A6CF-F64FA08E4FA7}</UniqueIdentifier>
    </Filter>
    <Filter Include="..\..\src">
      <UniqueIdentifier>{8CDEE807-BC53-E450-C8B8-4DEBB66742D4}</UniqueIdentifier>
    </Filter>
    <Filter Include="..\..\src\tests">
      <UniqueIdentifier>{71685B5B-5DB1-D3F0-6DF4-FE19B5454C87}</UniqueIdentifier>
    </Filter>
    <Filter Include="..\..\src\tests\gl_tests">
      <UniqueIdentifier>{676B3CF7-225C-0CF1-ED2A-BED9545844DF}</UniqueIdentifier>
    </Filter>
    <Filter Include="..">
      <UniqueIdentifier>{739DB09A-CC57-A953-A6CF-F64FA08E4FA7}</UniqueIdentifier>
    </Filter>
    <Filter Include="..\..">
      <UniqueIdentifier>{739DB09A-CC57-A953-A6CF-F64FA08E4FA7}</UniqueIdentifier>
    </Filter>
    <Filter Include="..\..\src">
      <UniqueIdentifier>{8CDEE807-BC53-E450-C8B8-4DEBB66742D4}</UniqueIdentifier>
    </Filter>
    <Filter Include="..\..\src\tests">
      <UniqueIdentifier>{71685B5B-5DB1-D3F0-6DF4-FE19B5454C87}</UniqueIdentifier>
    </Filter>
    <Filter Include="..\..\src\tests\gl_tests">
      <UniqueIdentifier>{676B3CF7-225C-0CF1-ED2A-BED9545844DF}</UniqueIdentifier>
    </Filter>
    <Filter Include="..">
      <UniqueIdentifier>{739DB09A-CC57-A953-A6CF-F64FA08E4FA7}</UniqueIdentifier>
    </Filter>
    <Filter Include="..\..">
      <UniqueIdentifier>{739DB09A-CC57-A953-A6CF-F64FA08E4FA7}</UniqueIdentifier>
    </Filter>
    <Filter Include="..\..\src">
      <UniqueIdentifier>{8CDEE807-BC53-E450-C8B8-4DEBB66742D4}</UniqueIdentifier>
    </Filter>
    <Filter Include="..\..\src\tests">
      <UniqueIdentifier>{71685B5B-5DB1-D3F0-6DF4-FE19B5454C87}</UniqueIdentifier>
    </Filter>
    <Filter Include="..\..\src\tests\gl_tests">
      <UniqueIdentifier>{676B3CF7-225C-0CF1-ED2A-BED9545844DF}</UniqueIdentifier>
    </Filter>
    <Filter Include="..">
      <UniqueIdentifier>{739DB09A-CC57-A953-A6CF-F64FA08E4FA7}</UniqueIdentifier>
    </Filter>
    <Filter Include="..\..">
      <UniqueIdentifier>{739DB09A-CC57-A953-A6CF-F64FA08E4FA7}</UniqueIdentifier>
    </Filter>
    <Filter Include="..\..\src">
      <UniqueIdentifier>{8CDEE807-BC53-E450-C8B8-4DEBB66742D4}</UniqueIdentifier>
    </Filter>
    <Filter Include="..\..\src\tests">
      <UniqueIdentifier>{71685B5B-5DB1-D3F0-6DF4-FE19B5454C87}</UniqueIdentifier>
    </Filter>
    <Filter Include="..\..\src\tests\gl_tests">
      <UniqueIdentifier>{676B3CF7-225C-0CF1-ED2A-BED9545844DF}</UniqueIdentifier>
    </Filter>
    <Filter Include="..">
      <UniqueIdentifier>{739DB09A-CC57-A953-A6CF-F64FA08E4FA7}</UniqueIdentifier>
    </Filter>
    <Filter Include="..\..">
      <UniqueIdentifier>{739DB09A-CC57-A953-A6CF-F64FA08E4FA7}</UniqueIdentifier>
    </Filter>
    <Filter Include="..\..\src">
      <UniqueIdentifier>{8CDEE807-BC53-E450-C8B8-4DEBB66742D4}</UniqueIdentifier>
    </Filter>
    <Filter Include="..\..\src\tests">
      <UniqueIdentifier>{71685B5B-5DB1-D3F0-6DF4-FE19B5454C87}</UniqueIdentifier>
    </Filter>
    <Filter Include="..\..\src\tests\gl_tests">
      <UniqueIdentifier>{676B3CF7-225C-0CF1-ED2A-BED9545844DF}</UniqueIdentifier>
    </Filter>
    <Filter Include="..">
      <UniqueIdentifier>{739DB09A-CC57-A953-A6CF-F64FA08E4FA7}</UniqueIdentifier>
    </Filter>
    <Filter Include="..\..">
      <UniqueIdentifier>{739DB09A-CC57-A953-A6CF-F64FA08E4FA7}</UniqueIdentifier>
    </Filter>
    <Filter Include="..\..\src">
      <UniqueIdentifier>{8CDEE807-BC53-E450-C8B8-4DEBB66742D4}</UniqueIdentifier>
    </Filter>
    <Filter Include="..\..\src\tests">
      <UniqueIdentifier>{71685B5B-5DB1-D3F0-6DF4-FE19B5454C87}</UniqueIdentifier>
    </Filter>
    <Filter Include="..\..\src\tests\gl_tests">
      <UniqueIdentifier>{676B3CF7-225C-0CF1-ED2A-BED9545844DF}</UniqueIdentifier>
    </Filter>
    <Filter Include="..">
      <UniqueIdentifier>{739DB09A-CC57-A953-A6CF-F64FA08E4FA7}</UniqueIdentifier>
    </Filter>
    <Filter Include="..\..">
      <UniqueIdentifier>{739DB09A-CC57-A953-A6CF-F64FA08E4FA7}</UniqueIdentifier>
    </Filter>
    <Filter Include="..\..\src">
      <UniqueIdentifier>{8CDEE807-BC53-E450-C8B8-4DEBB66742D4}</UniqueIdentifier>
    </Filter>
    <Filter Include="..\..\src\tests">
      <UniqueIdentifier>{71685B5B-5DB1-D3F0-6DF4-FE19B5454C87}</UniqueIdentifier>
    </Filter>
    <Filter Include="..\..\src\tests\gl_tests">
      <UniqueIdentifier>{676B3CF7-225C-0CF1-ED2A-BED9545844DF}</UniqueIdentifier>
    </Filter>
    <Filter Include="..">
      <UniqueIdentifier>{739DB09A-CC57-A953-A6CF-F64FA08E4FA7}</UniqueIdentifier>
    </Filter>
    <Filter Include="..\..">
      <UniqueIdentifier>{739DB09A-CC57-A953-A6CF-F64FA08E4FA7}</UniqueIdentifier>
    </Filter>
    <Filter Include="..\..\src">
      <UniqueIdentifier>{8CDEE807-BC53-E450-C8B8-4DEBB66742D4}</UniqueIdentifier>
    </Filter>
    <Filter Include="..\..\src\tests">
      <UniqueIdentifier>{71685B5B-5DB1-D3F0-6DF4-FE19B5454C87}</UniqueIdentifier>
    </Filter>
    <Filter Include="..\..\src\tests\gl_tests">
      <UniqueIdentifier>{676B3CF7-225C-0CF1-ED2A-BED9545844DF}</UniqueIdentifier>
    </Filter>
    <Filter Include="..">
      <UniqueIdentifier>{739DB09A-CC57-A953-A6CF-F64FA08E4FA7}</UniqueIdentifier>
    </Filter>
    <Filter Include="..\..">
      <UniqueIdentifier>{739DB09A-CC57-A953-A6CF-F64FA08E4FA7}</UniqueIdentifier>
    </Filter>
    <Filter Include="..\..\src">
      <UniqueIdentifier>{8CDEE807-BC53-E450-C8B8-4DEBB66742D4}</UniqueIdentifier>
    </Filter>
    <Filter Include="..\..\src\tests">
      <UniqueIdentifier>{71685B5B-5DB1-D3F0-6DF4-FE19B5454C87}</UniqueIdentifier>
    </Filter>
    <Filter Include="..\..\src\tests\gl_tests">
      <UniqueIdentifier>{676B3CF7-225C-0CF1-ED2A-BED9545844DF}</UniqueIdentifier>
    </Filter>
    <Filter Include="..">
      <UniqueIdentifier>{739DB09A-CC57-A953-A6CF-F64FA08E4FA7}</UniqueIdentifier>
    </Filter>
    <Filter Include="..\..">
      <UniqueIdentifier>{739DB09A-CC57-A953-A6CF-F64FA08E4FA7}</UniqueIdentifier>
    </Filter>
    <Filter Include="..\..\src">
      <UniqueIdentifier>{8CDEE807-BC53-E450-C8B8-4DEBB66742D4}</UniqueIdentifier>
    </Filter>
    <Filter Include="..\..\src\tests">
      <UniqueIdentifier>{71685B5B-5DB1-D3F0-6DF4-FE19B5454C87}</UniqueIdentifier>
    </Filter>
    <Filter Include="..\..\src\tests\gl_tests">
      <UniqueIdentifier>{676B3CF7-225C-0CF1-ED2A-BED9545844DF}</UniqueIdentifier>
    </Filter>
    <Filter Include="..">
      <UniqueIdentifier>{739DB09A-CC57-A953-A6CF-F64FA08E4FA7}</UniqueIdentifier>
    </Filter>
    <Filter Include="..\..">
      <UniqueIdentifier>{739DB09A-CC57-A953-A6CF-F64FA08E4FA7}</UniqueIdentifier>
    </Filter>
    <Filter Include="..\..\src">
      <UniqueIdentifier>{8CDEE807-BC53-E450-C8B8-4DEBB66742D4}</UniqueIdentifier>
    </Filter>
    <Filter Include="..\..\src\tests">
      <UniqueIdentifier>{71685B5B-5DB1-D3F0-6DF4-FE19B5454C87}</UniqueIdentifier>
    </Filter>
    <Filter Include="..\..\src\tests\gl_tests">
      <UniqueIdentifier>{676B3CF7-225C-0CF1-ED2A-BED9545844DF}</UniqueIdentifier>
    </Filter>
    <Filter Include="..\..\src\tests\gl_tests\media">
      <UniqueIdentifier>{2699B576-DA2C-16EE-9C4A-F0CAB500D719}</UniqueIdentifier>
    </Filter>
    <Filter Include="..">
      <UniqueIdentifier>{739DB09A-CC57-A953-A6CF-F64FA08E4FA7}</UniqueIdentifier>
    </Filter>
    <Filter Include="..\..">
      <UniqueIdentifier>{739DB09A-CC57-A953-A6CF-F64FA08E4FA7}</UniqueIdentifier>
    </Filter>
    <Filter Include="..\..\src">
      <UniqueIdentifier>{8CDEE807-BC53-E450-C8B8-4DEBB66742D4}</UniqueIdentifier>
    </Filter>
    <Filter Include="..\..\src\tests">
      <UniqueIdentifier>{71685B5B-5DB1-D3F0-6DF4-FE19B5454C87}</UniqueIdentifier>
    </Filter>
    <Filter Include="..\..\src\tests\gl_tests">
      <UniqueIdentifier>{676B3CF7-225C-0CF1-ED2A-BED9545844DF}</UniqueIdentifier>
    </Filter>
    <Filter Include="..">
      <UniqueIdentifier>{739DB09A-CC57-A953-A6CF-F64FA08E4FA7}</UniqueIdentifier>
    </Filter>
    <Filter Include="..\..">
      <UniqueIdentifier>{739DB09A-CC57-A953-A6CF-F64FA08E4FA7}</UniqueIdentifier>
    </Filter>
    <Filter Include="..\..\src">
      <UniqueIdentifier>{8CDEE807-BC53-E450-C8B8-4DEBB66742D4}</UniqueIdentifier>
    </Filter>
    <Filter Include="..\..\src\tests">
      <UniqueIdentifier>{71685B5B-5DB1-D3F0-6DF4-FE19B5454C87}</UniqueIdentifier>
    </Filter>
    <Filter Include="..\..\src\tests\gl_tests">
      <UniqueIdentifier>{676B3CF7-225C-0CF1-ED2A-BED9545844DF}</UniqueIdentifier>
    </Filter>
    <Filter Include="..">
      <UniqueIdentifier>{739DB09A-CC57-A953-A6CF-F64FA08E4FA7}</UniqueIdentifier>
    </Filter>
    <Filter Include="..\..">
      <UniqueIdentifier>{739DB09A-CC57-A953-A6CF-F64FA08E4FA7}</UniqueIdentifier>
    </Filter>
    <Filter Include="..\..\src">
      <UniqueIdentifier>{8CDEE807-BC53-E450-C8B8-4DEBB66742D4}</UniqueIdentifier>
    </Filter>
    <Filter Include="..\..\src\tests">
      <UniqueIdentifier>{71685B5B-5DB1-D3F0-6DF4-FE19B5454C87}</UniqueIdentifier>
    </Filter>
    <Filter Include="..\..\src\tests\gl_tests">
      <UniqueIdentifier>{676B3CF7-225C-0CF1-ED2A-BED9545844DF}</UniqueIdentifier>
    </Filter>
    <Filter Include="..">
      <UniqueIdentifier>{739DB09A-CC57-A953-A6CF-F64FA08E4FA7}</UniqueIdentifier>
    </Filter>
    <Filter Include="..\..">
      <UniqueIdentifier>{739DB09A-CC57-A953-A6CF-F64FA08E4FA7}</UniqueIdentifier>
    </Filter>
    <Filter Include="..\..\src">
      <UniqueIdentifier>{8CDEE807-BC53-E450-C8B8-4DEBB66742D4}</UniqueIdentifier>
    </Filter>
    <Filter Include="..\..\src\tests">
      <UniqueIdentifier>{71685B5B-5DB1-D3F0-6DF4-FE19B5454C87}</UniqueIdentifier>
    </Filter>
    <Filter Include="..\..\src\tests\gl_tests">
      <UniqueIdentifier>{676B3CF7-225C-0CF1-ED2A-BED9545844DF}</UniqueIdentifier>
    </Filter>
    <Filter Include="..">
      <UniqueIdentifier>{739DB09A-CC57-A953-A6CF-F64FA08E4FA7}</UniqueIdentifier>
    </Filter>
    <Filter Include="..\..">
      <UniqueIdentifier>{739DB09A-CC57-A953-A6CF-F64FA08E4FA7}</UniqueIdentifier>
    </Filter>
    <Filter Include="..\..\src">
      <UniqueIdentifier>{8CDEE807-BC53-E450-C8B8-4DEBB66742D4}</UniqueIdentifier>
    </Filter>
    <Filter Include="..\..\src\tests">
      <UniqueIdentifier>{71685B5B-5DB1-D3F0-6DF4-FE19B5454C87}</UniqueIdentifier>
    </Filter>
    <Filter Include="..\..\src\tests\gl_tests">
      <UniqueIdentifier>{676B3CF7-225C-0CF1-ED2A-BED9545844DF}</UniqueIdentifier>
    </Filter>
    <Filter Include="..">
      <UniqueIdentifier>{739DB09A-CC57-A953-A6CF-F64FA08E4FA7}</UniqueIdentifier>
    </Filter>
    <Filter Include="..\..">
      <UniqueIdentifier>{739DB09A-CC57-A953-A6CF-F64FA08E4FA7}</UniqueIdentifier>
    </Filter>
    <Filter Include="..\..\src">
      <UniqueIdentifier>{8CDEE807-BC53-E450-C8B8-4DEBB66742D4}</UniqueIdentifier>
    </Filter>
    <Filter Include="..\..\src\tests">
      <UniqueIdentifier>{71685B5B-5DB1-D3F0-6DF4-FE19B5454C87}</UniqueIdentifier>
    </Filter>
    <Filter Include="..\..\src\tests\gl_tests">
      <UniqueIdentifier>{676B3CF7-225C-0CF1-ED2A-BED9545844DF}</UniqueIdentifier>
    </Filter>
    <Filter Include="..">
      <UniqueIdentifier>{739DB09A-CC57-A953-A6CF-F64FA08E4FA7}</UniqueIdentifier>
    </Filter>
    <Filter Include="..\..">
      <UniqueIdentifier>{739DB09A-CC57-A953-A6CF-F64FA08E4FA7}</UniqueIdentifier>
    </Filter>
    <Filter Include="..\..\src">
      <UniqueIdentifier>{8CDEE807-BC53-E450-C8B8-4DEBB66742D4}</UniqueIdentifier>
    </Filter>
    <Filter Include="..\..\src\tests">
      <UniqueIdentifier>{71685B5B-5DB1-D3F0-6DF4-FE19B5454C87}</UniqueIdentifier>
    </Filter>
    <Filter Include="..\..\src\tests\gl_tests">
      <UniqueIdentifier>{676B3CF7-225C-0CF1-ED2A-BED9545844DF}</UniqueIdentifier>
    </Filter>
    <Filter Include="..">
      <UniqueIdentifier>{739DB09A-CC57-A953-A6CF-F64FA08E4FA7}</UniqueIdentifier>
    </Filter>
    <Filter Include="..\..">
      <UniqueIdentifier>{739DB09A-CC57-A953-A6CF-F64FA08E4FA7}</UniqueIdentifier>
    </Filter>
    <Filter Include="..\..\src">
      <UniqueIdentifier>{8CDEE807-BC53-E450-C8B8-4DEBB66742D4}</UniqueIdentifier>
    </Filter>
    <Filter Include="..\..\src\tests">
      <UniqueIdentifier>{71685B5B-5DB1-D3F0-6DF4-FE19B5454C87}</UniqueIdentifier>
    </Filter>
    <Filter Include="..\..\src\tests\gl_tests">
      <UniqueIdentifier>{676B3CF7-225C-0CF1-ED2A-BED9545844DF}</UniqueIdentifier>
    </Filter>
    <Filter Include="..">
      <UniqueIdentifier>{739DB09A-CC57-A953-A6CF-F64FA08E4FA7}</UniqueIdentifier>
    </Filter>
    <Filter Include="..\..">
      <UniqueIdentifier>{739DB09A-CC57-A953-A6CF-F64FA08E4FA7}</UniqueIdentifier>
    </Filter>
    <Filter Include="..\..\src">
      <UniqueIdentifier>{8CDEE807-BC53-E450-C8B8-4DEBB66742D4}</UniqueIdentifier>
    </Filter>
    <Filter Include="..\..\src\tests">
      <UniqueIdentifier>{71685B5B-5DB1-D3F0-6DF4-FE19B5454C87}</UniqueIdentifier>
    </Filter>
    <Filter Include="..\..\src\tests\gl_tests">
      <UniqueIdentifier>{676B3CF7-225C-0CF1-ED2A-BED9545844DF}</UniqueIdentifier>
    </Filter>
    <Filter Include="..">
      <UniqueIdentifier>{739DB09A-CC57-A953-A6CF-F64FA08E4FA7}</UniqueIdentifier>
    </Filter>
    <Filter Include="..\..">
      <UniqueIdentifier>{739DB09A-CC57-A953-A6CF-F64FA08E4FA7}</UniqueIdentifier>
    </Filter>
    <Filter Include="..\..\src">
      <UniqueIdentifier>{8CDEE807-BC53-E450-C8B8-4DEBB66742D4}</UniqueIdentifier>
    </Filter>
    <Filter Include="..\..\src\tests">
      <UniqueIdentifier>{71685B5B-5DB1-D3F0-6DF4-FE19B5454C87}</UniqueIdentifier>
    </Filter>
    <Filter Include="..\..\src\tests\gl_tests">
      <UniqueIdentifier>{676B3CF7-225C-0CF1-ED2A-BED9545844DF}</UniqueIdentifier>
    </Filter>
    <Filter Include="..">
      <UniqueIdentifier>{739DB09A-CC57-A953-A6CF-F64FA08E4FA7}</UniqueIdentifier>
    </Filter>
    <Filter Include="..\..">
      <UniqueIdentifier>{739DB09A-CC57-A953-A6CF-F64FA08E4FA7}</UniqueIdentifier>
    </Filter>
    <Filter Include="..\..\src">
      <UniqueIdentifier>{8CDEE807-BC53-E450-C8B8-4DEBB66742D4}</UniqueIdentifier>
    </Filter>
    <Filter Include="..\..\src\tests">
      <UniqueIdentifier>{71685B5B-5DB1-D3F0-6DF4-FE19B5454C87}</UniqueIdentifier>
    </Filter>
    <Filter Include="..\..\src\tests\gl_tests">
      <UniqueIdentifier>{676B3CF7-225C-0CF1-ED2A-BED9545844DF}</UniqueIdentifier>
    </Filter>
    <Filter Include="..">
      <UniqueIdentifier>{739DB09A-CC57-A953-A6CF-F64FA08E4FA7}</UniqueIdentifier>
    </Filter>
    <Filter Include="..\..">
      <UniqueIdentifier>{739DB09A-CC57-A953-A6CF-F64FA08E4FA7}</UniqueIdentifier>
    </Filter>
    <Filter Include="..\..\src">
      <UniqueIdentifier>{8CDEE807-BC53-E450-C8B8-4DEBB66742D4}</UniqueIdentifier>
    </Filter>
    <Filter Include="..\..\src\tests">
      <UniqueIdentifier>{71685B5B-5DB1-D3F0-6DF4-FE19B5454C87}</UniqueIdentifier>
    </Filter>
    <Filter Include="..\..\src\tests\gl_tests">
      <UniqueIdentifier>{676B3CF7-225C-0CF1-ED2A-BED9545844DF}</UniqueIdentifier>
    </Filter>
    <Filter Include="..">
      <UniqueIdentifier>{739DB09A-CC57-A953-A6CF-F64FA08E4FA7}</UniqueIdentifier>
    </Filter>
    <Filter Include="..\..">
      <UniqueIdentifier>{739DB09A-CC57-A953-A6CF-F64FA08E4FA7}</UniqueIdentifier>
    </Filter>
    <Filter Include="..\..\src">
      <UniqueIdentifier>{8CDEE807-BC53-E450-C8B8-4DEBB66742D4}</UniqueIdentifier>
    </Filter>
    <Filter Include="..\..\src\tests">
      <UniqueIdentifier>{71685B5B-5DB1-D3F0-6DF4-FE19B5454C87}</UniqueIdentifier>
    </Filter>
    <Filter Include="..\..\src\tests\gl_tests">
      <UniqueIdentifier>{676B3CF7-225C-0CF1-ED2A-BED9545844DF}</UniqueIdentifier>
    </Filter>
    <Filter Include="..">
      <UniqueIdentifier>{739DB09A-CC57-A953-A6CF-F64FA08E4FA7}</UniqueIdentifier>
    </Filter>
    <Filter Include="..\..">
      <UniqueIdentifier>{739DB09A-CC57-A953-A6CF-F64FA08E4FA7}</UniqueIdentifier>
    </Filter>
    <Filter Include="..\..\src">
      <UniqueIdentifier>{8CDEE807-BC53-E450-C8B8-4DEBB66742D4}</UniqueIdentifier>
    </Filter>
    <Filter Include="..\..\src\tests">
      <UniqueIdentifier>{71685B5B-5DB1-D3F0-6DF4-FE19B5454C87}</UniqueIdentifier>
    </Filter>
    <Filter Include="..\..\src\tests\gl_tests">
      <UniqueIdentifier>{676B3CF7-225C-0CF1-ED2A-BED9545844DF}</UniqueIdentifier>
    </Filter>
    <Filter Include="..">
      <UniqueIdentifier>{739DB09A-CC57-A953-A6CF-F64FA08E4FA7}</UniqueIdentifier>
    </Filter>
    <Filter Include="..\..">
      <UniqueIdentifier>{739DB09A-CC57-A953-A6CF-F64FA08E4FA7}</UniqueIdentifier>
    </Filter>
    <Filter Include="..\..\src">
      <UniqueIdentifier>{8CDEE807-BC53-E450-C8B8-4DEBB66742D4}</UniqueIdentifier>
    </Filter>
    <Filter Include="..\..\src\tests">
      <UniqueIdentifier>{71685B5B-5DB1-D3F0-6DF4-FE19B5454C87}</UniqueIdentifier>
    </Filter>
    <Filter Include="..\..\src\tests\gl_tests">
      <UniqueIdentifier>{676B3CF7-225C-0CF1-ED2A-BED9545844DF}</UniqueIdentifier>
    </Filter>
    <Filter Include="..">
      <UniqueIdentifier>{739DB09A-CC57-A953-A6CF-F64FA08E4FA7}</UniqueIdentifier>
    </Filter>
    <Filter Include="..\..">
      <UniqueIdentifier>{739DB09A-CC57-A953-A6CF-F64FA08E4FA7}</UniqueIdentifier>
    </Filter>
    <Filter Include="..\..\src">
      <UniqueIdentifier>{8CDEE807-BC53-E450-C8B8-4DEBB66742D4}</UniqueIdentifier>
    </Filter>
    <Filter Include="..\..\src\tests">
      <UniqueIdentifier>{71685B5B-5DB1-D3F0-6DF4-FE19B5454C87}</UniqueIdentifier>
    </Filter>
    <Filter Include="..\..\src\tests\gl_tests">
      <UniqueIdentifier>{676B3CF7-225C-0CF1-ED2A-BED9545844DF}</UniqueIdentifier>
    </Filter>
    <Filter Include="..">
      <UniqueIdentifier>{739DB09A-CC57-A953-A6CF-F64FA08E4FA7}</UniqueIdentifier>
    </Filter>
    <Filter Include="..\..">
      <UniqueIdentifier>{739DB09A-CC57-A953-A6CF-F64FA08E4FA7}</UniqueIdentifier>
    </Filter>
    <Filter Include="..\..\src">
      <UniqueIdentifier>{8CDEE807-BC53-E450-C8B8-4DEBB66742D4}</UniqueIdentifier>
    </Filter>
    <Filter Include="..\..\src\tests">
      <UniqueIdentifier>{71685B5B-5DB1-D3F0-6DF4-FE19B5454C87}</UniqueIdentifier>
    </Filter>
    <Filter Include="..\..\src\tests\gl_tests">
      <UniqueIdentifier>{676B3CF7-225C-0CF1-ED2A-BED9545844DF}</UniqueIdentifier>
    </Filter>
    <Filter Include="..">
      <UniqueIdentifier>{739DB09A-CC57-A953-A6CF-F64FA08E4FA7}</UniqueIdentifier>
    </Filter>
    <Filter Include="..\..">
      <UniqueIdentifier>{739DB09A-CC57-A953-A6CF-F64FA08E4FA7}</UniqueIdentifier>
    </Filter>
    <Filter Include="..\..\src">
      <UniqueIdentifier>{8CDEE807-BC53-E450-C8B8-4DEBB66742D4}</UniqueIdentifier>
    </Filter>
    <Filter Include="..\..\src\tests">
      <UniqueIdentifier>{71685B5B-5DB1-D3F0-6DF4-FE19B5454C87}</UniqueIdentifier>
    </Filter>
    <Filter Include="..\..\src\tests\gl_tests">
      <UniqueIdentifier>{676B3CF7-225C-0CF1-ED2A-BED9545844DF}</UniqueIdentifier>
    </Filter>
    <Filter Include="..">
      <UniqueIdentifier>{739DB09A-CC57-A953-A6CF-F64FA08E4FA7}</UniqueIdentifier>
    </Filter>
    <Filter Include="..\..">
      <UniqueIdentifier>{739DB09A-CC57-A953-A6CF-F64FA08E4FA7}</UniqueIdentifier>
    </Filter>
    <Filter Include="..\..\src">
      <UniqueIdentifier>{8CDEE807-BC53-E450-C8B8-4DEBB66742D4}</UniqueIdentifier>
    </Filter>
    <Filter Include="..\..\src\tests">
      <UniqueIdentifier>{71685B5B-5DB1-D3F0-6DF4-FE19B5454C87}</UniqueIdentifier>
    </Filter>
    <Filter Include="..\..\src\tests\gl_tests">
      <UniqueIdentifier>{676B3CF7-225C-0CF1-ED2A-BED9545844DF}</UniqueIdentifier>
    </Filter>
    <Filter Include="..">
      <UniqueIdentifier>{739DB09A-CC57-A953-A6CF-F64FA08E4FA7}</UniqueIdentifier>
    </Filter>
    <Filter Include="..\..">
      <UniqueIdentifier>{739DB09A-CC57-A953-A6CF-F64FA08E4FA7}</UniqueIdentifier>
    </Filter>
    <Filter Include="..\..\src">
      <UniqueIdentifier>{8CDEE807-BC53-E450-C8B8-4DEBB66742D4}</UniqueIdentifier>
    </Filter>
    <Filter Include="..\..\src\tests">
      <UniqueIdentifier>{71685B5B-5DB1-D3F0-6DF4-FE19B5454C87}</UniqueIdentifier>
    </Filter>
    <Filter Include="..\..\src\tests\gl_tests">
      <UniqueIdentifier>{676B3CF7-225C-0CF1-ED2A-BED9545844DF}</UniqueIdentifier>
    </Filter>
    <Filter Include="..">
      <UniqueIdentifier>{739DB09A-CC57-A953-A6CF-F64FA08E4FA7}</UniqueIdentifier>
    </Filter>
    <Filter Include="..\..">
      <UniqueIdentifier>{739DB09A-CC57-A953-A6CF-F64FA08E4FA7}</UniqueIdentifier>
    </Filter>
    <Filter Include="..\..\src">
      <UniqueIdentifier>{8CDEE807-BC53-E450-C8B8-4DEBB66742D4}</UniqueIdentifier>
    </Filter>
    <Filter Include="..\..\src\tests">
      <UniqueIdentifier>{71685B5B-5DB1-D3F0-6DF4-FE19B5454C87}</UniqueIdentifier>
    </Filter>
    <Filter Include="..\..\src\tests\gl_tests">
      <UniqueIdentifier>{676B3CF7-225C-0CF1-ED2A-BED9545844DF}</UniqueIdentifier>
    </Filter>
    <Filter Include="..">
      <UniqueIdentifier>{739DB09A-CC57-A953-A6CF-F64FA08E4FA7}</UniqueIdentifier>
    </Filter>
    <Filter Include="..\..">
      <UniqueIdentifier>{739DB09A-CC57-A953-A6CF-F64FA08E4FA7}</UniqueIdentifier>
    </Filter>
    <Filter Include="..\..\src">
      <UniqueIdentifier>{8CDEE807-BC53-E450-C8B8-4DEBB66742D4}</UniqueIdentifier>
    </Filter>
    <Filter Include="..\..\src\tests">
      <UniqueIdentifier>{71685B5B-5DB1-D3F0-6DF4-FE19B5454C87}</UniqueIdentifier>
    </Filter>
    <Filter Include="..\..\src\tests\gl_tests">
      <UniqueIdentifier>{676B3CF7-225C-0CF1-ED2A-BED9545844DF}</UniqueIdentifier>
    </Filter>
    <Filter Include="..">
      <UniqueIdentifier>{739DB09A-CC57-A953-A6CF-F64FA08E4FA7}</UniqueIdentifier>
    </Filter>
    <Filter Include="..\..">
      <UniqueIdentifier>{739DB09A-CC57-A953-A6CF-F64FA08E4FA7}</UniqueIdentifier>
    </Filter>
    <Filter Include="..\..\src">
      <UniqueIdentifier>{8CDEE807-BC53-E450-C8B8-4DEBB66742D4}</UniqueIdentifier>
    </Filter>
    <Filter Include="..\..\src\tests">
      <UniqueIdentifier>{71685B5B-5DB1-D3F0-6DF4-FE19B5454C87}</UniqueIdentifier>
    </Filter>
    <Filter Include="..\..\src\tests\gl_tests">
      <UniqueIdentifier>{676B3CF7-225C-0CF1-ED2A-BED9545844DF}</UniqueIdentifier>
    </Filter>
    <Filter Include="..">
      <UniqueIdentifier>{739DB09A-CC57-A953-A6CF-F64FA08E4FA7}</UniqueIdentifier>
    </Filter>
    <Filter Include="..\..">
      <UniqueIdentifier>{739DB09A-CC57-A953-A6CF-F64FA08E4FA7}</UniqueIdentifier>
    </Filter>
    <Filter Include="..\..\src">
      <UniqueIdentifier>{8CDEE807-BC53-E450-C8B8-4DEBB66742D4}</UniqueIdentifier>
    </Filter>
    <Filter Include="..\..\src\tests">
      <UniqueIdentifier>{71685B5B-5DB1-D3F0-6DF4-FE19B5454C87}</UniqueIdentifier>
    </Filter>
    <Filter Include="..\..\src\tests\gl_tests">
      <UniqueIdentifier>{676B3CF7-225C-0CF1-ED2A-BED9545844DF}</UniqueIdentifier>
    </Filter>
    <Filter Include="..">
      <UniqueIdentifier>{739DB09A-CC57-A953-A6CF-F64FA08E4FA7}</UniqueIdentifier>
    </Filter>
    <Filter Include="..\..">
      <UniqueIdentifier>{739DB09A-CC57-A953-A6CF-F64FA08E4FA7}</UniqueIdentifier>
    </Filter>
    <Filter Include="..\..\src">
      <UniqueIdentifier>{8CDEE807-BC53-E450-C8B8-4DEBB66742D4}</UniqueIdentifier>
    </Filter>
    <Filter Include="..\..\src\tests">
      <UniqueIdentifier>{71685B5B-5DB1-D3F0-6DF4-FE19B5454C87}</UniqueIdentifier>
    </Filter>
    <Filter Include="..\..\src\tests\gl_tests">
      <UniqueIdentifier>{676B3CF7-225C-0CF1-ED2A-BED9545844DF}</UniqueIdentifier>
    </Filter>
    <Filter Include="..">
      <UniqueIdentifier>{739DB09A-CC57-A953-A6CF-F64FA08E4FA7}</UniqueIdentifier>
    </Filter>
    <Filter Include="..\..">
      <UniqueIdentifier>{739DB09A-CC57-A953-A6CF-F64FA08E4FA7}</UniqueIdentifier>
    </Filter>
    <Filter Include="..\..\src">
      <UniqueIdentifier>{8CDEE807-BC53-E450-C8B8-4DEBB66742D4}</UniqueIdentifier>
    </Filter>
    <Filter Include="..\..\src\tests">
      <UniqueIdentifier>{71685B5B-5DB1-D3F0-6DF4-FE19B5454C87}</UniqueIdentifier>
    </Filter>
    <Filter Include="..\..\src\tests\gl_tests">
      <UniqueIdentifier>{676B3CF7-225C-0CF1-ED2A-BED9545844DF}</UniqueIdentifier>
    </Filter>
    <Filter Include="..">
      <UniqueIdentifier>{739DB09A-CC57-A953-A6CF-F64FA08E4FA7}</UniqueIdentifier>
    </Filter>
    <Filter Include="..\..">
      <UniqueIdentifier>{739DB09A-CC57-A953-A6CF-F64FA08E4FA7}</UniqueIdentifier>
    </Filter>
    <Filter Include="..\..\src">
      <UniqueIdentifier>{8CDEE807-BC53-E450-C8B8-4DEBB66742D4}</UniqueIdentifier>
    </Filter>
    <Filter Include="..\..\src\tests">
      <UniqueIdentifier>{71685B5B-5DB1-D3F0-6DF4-FE19B5454C87}</UniqueIdentifier>
    </Filter>
    <Filter Include="..\..\src\tests\egl_tests">
      <UniqueIdentifier>{C3E89573-7D44-F1F2-6B43-6058C834EF9F}</UniqueIdentifier>
    </Filter>
    <Filter Include="..">
      <UniqueIdentifier>{739DB09A-CC57-A953-A6CF-F64FA08E4FA7}</UniqueIdentifier>
    </Filter>
    <Filter Include="..\..">
      <UniqueIdentifier>{739DB09A-CC57-A953-A6CF-F64FA08E4FA7}</UniqueIdentifier>
    </Filter>
    <Filter Include="..\..\src">
      <UniqueIdentifier>{8CDEE807-BC53-E450-C8B8-4DEBB66742D4}</UniqueIdentifier>
    </Filter>
    <Filter Include="..\..\src\tests">
      <UniqueIdentifier>{71685B5B-5DB1-D3F0-6DF4-FE19B5454C87}</UniqueIdentifier>
    </Filter>
    <Filter Include="..\..\src\tests\egl_tests">
      <UniqueIdentifier>{C3E89573-7D44-F1F2-6B43-6058C834EF9F}</UniqueIdentifier>
    </Filter>
    <Filter Include="..">
      <UniqueIdentifier>{739DB09A-CC57-A953-A6CF-F64FA08E4FA7}</UniqueIdentifier>
    </Filter>
    <Filter Include="..\..">
      <UniqueIdentifier>{739DB09A-CC57-A953-A6CF-F64FA08E4FA7}</UniqueIdentifier>
    </Filter>
    <Filter Include="..\..\src">
      <UniqueIdentifier>{8CDEE807-BC53-E450-C8B8-4DEBB66742D4}</UniqueIdentifier>
    </Filter>
    <Filter Include="..\..\src\tests">
      <UniqueIdentifier>{71685B5B-5DB1-D3F0-6DF4-FE19B5454C87}</UniqueIdentifier>
    </Filter>
    <Filter Include="..\..\src\tests\egl_tests">
      <UniqueIdentifier>{C3E89573-7D44-F1F2-6B43-6058C834EF9F}</UniqueIdentifier>
    </Filter>
    <Filter Include="..">
      <UniqueIdentifier>{739DB09A-CC57-A953-A6CF-F64FA08E4FA7}</UniqueIdentifier>
    </Filter>
    <Filter Include="..\..">
      <UniqueIdentifier>{739DB09A-CC57-A953-A6CF-F64FA08E4FA7}</UniqueIdentifier>
    </Filter>
    <Filter Include="..\..\src">
      <UniqueIdentifier>{8CDEE807-BC53-E450-C8B8-4DEBB66742D4}</UniqueIdentifier>
    </Filter>
    <Filter Include="..\..\src\tests">
      <UniqueIdentifier>{71685B5B-5DB1-D3F0-6DF4-FE19B5454C87}</UniqueIdentifier>
    </Filter>
    <Filter Include="..\..\src\tests\egl_tests">
      <UniqueIdentifier>{C3E89573-7D44-F1F2-6B43-6058C834EF9F}</UniqueIdentifier>
    </Filter>
    <Filter Include="..">
      <UniqueIdentifier>{739DB09A-CC57-A953-A6CF-F64FA08E4FA7}</UniqueIdentifier>
    </Filter>
    <Filter Include="..\..">
      <UniqueIdentifier>{739DB09A-CC57-A953-A6CF-F64FA08E4FA7}</UniqueIdentifier>
    </Filter>
    <Filter Include="..\..\src">
      <UniqueIdentifier>{8CDEE807-BC53-E450-C8B8-4DEBB66742D4}</UniqueIdentifier>
    </Filter>
    <Filter Include="..\..\src\tests">
      <UniqueIdentifier>{71685B5B-5DB1-D3F0-6DF4-FE19B5454C87}</UniqueIdentifier>
    </Filter>
    <Filter Include="..\..\src\tests\egl_tests">
      <UniqueIdentifier>{C3E89573-7D44-F1F2-6B43-6058C834EF9F}</UniqueIdentifier>
    </Filter>
    <Filter Include="..">
      <UniqueIdentifier>{739DB09A-CC57-A953-A6CF-F64FA08E4FA7}</UniqueIdentifier>
    </Filter>
    <Filter Include="..\..">
      <UniqueIdentifier>{739DB09A-CC57-A953-A6CF-F64FA08E4FA7}</UniqueIdentifier>
    </Filter>
    <Filter Include="..\..\src">
      <UniqueIdentifier>{8CDEE807-BC53-E450-C8B8-4DEBB66742D4}</UniqueIdentifier>
    </Filter>
    <Filter Include="..\..\src\tests">
      <UniqueIdentifier>{71685B5B-5DB1-D3F0-6DF4-FE19B5454C87}</UniqueIdentifier>
    </Filter>
    <Filter Include="..\..\src\tests\egl_tests">
      <UniqueIdentifier>{C3E89573-7D44-F1F2-6B43-6058C834EF9F}</UniqueIdentifier>
    </Filter>
    <Filter Include="..">
      <UniqueIdentifier>{739DB09A-CC57-A953-A6CF-F64FA08E4FA7}</UniqueIdentifier>
    </Filter>
    <Filter Include="..\..">
      <UniqueIdentifier>{739DB09A-CC57-A953-A6CF-F64FA08E4FA7}</UniqueIdentifier>
    </Filter>
    <Filter Include="..\..\src">
      <UniqueIdentifier>{8CDEE807-BC53-E450-C8B8-4DEBB66742D4}</UniqueIdentifier>
    </Filter>
    <Filter Include="..\..\src\tests">
      <UniqueIdentifier>{71685B5B-5DB1-D3F0-6DF4-FE19B5454C87}</UniqueIdentifier>
    </Filter>
    <Filter Include="..\..\src\tests\test_utils">
      <UniqueIdentifier>{7A6B8B00-0BF3-CCF5-E4E0-34157314ABAC}</UniqueIdentifier>
    </Filter>
    <Filter Include="..">
      <UniqueIdentifier>{739DB09A-CC57-A953-A6CF-F64FA08E4FA7}</UniqueIdentifier>
    </Filter>
    <Filter Include="..\..">
      <UniqueIdentifier>{739DB09A-CC57-A953-A6CF-F64FA08E4FA7}</UniqueIdentifier>
    </Filter>
    <Filter Include="..\..\src">
      <UniqueIdentifier>{8CDEE807-BC53-E450-C8B8-4DEBB66742D4}</UniqueIdentifier>
    </Filter>
    <Filter Include="..\..\src\tests">
      <UniqueIdentifier>{71685B5B-5DB1-D3F0-6DF4-FE19B5454C87}</UniqueIdentifier>
    </Filter>
    <Filter Include="..\..\src\tests\test_utils">
      <UniqueIdentifier>{7A6B8B00-0BF3-CCF5-E4E0-34157314ABAC}</UniqueIdentifier>
    </Filter>
    <Filter Include="..">
      <UniqueIdentifier>{739DB09A-CC57-A953-A6CF-F64FA08E4FA7}</UniqueIdentifier>
    </Filter>
    <Filter Include="..\..">
      <UniqueIdentifier>{739DB09A-CC57-A953-A6CF-F64FA08E4FA7}</UniqueIdentifier>
    </Filter>
    <Filter Include="..\..\src">
      <UniqueIdentifier>{8CDEE807-BC53-E450-C8B8-4DEBB66742D4}</UniqueIdentifier>
    </Filter>
    <Filter Include="..\..\src\tests">
      <UniqueIdentifier>{71685B5B-5DB1-D3F0-6DF4-FE19B5454C87}</UniqueIdentifier>
    </Filter>
    <Filter Include="..\..\src\tests\test_utils">
      <UniqueIdentifier>{7A6B8B00-0BF3-CCF5-E4E0-34157314ABAC}</UniqueIdentifier>
    </Filter>
    <Filter Include="..">
      <UniqueIdentifier>{739DB09A-CC57-A953-A6CF-F64FA08E4FA7}</UniqueIdentifier>
    </Filter>
    <Filter Include="..\..">
      <UniqueIdentifier>{739DB09A-CC57-A953-A6CF-F64FA08E4FA7}</UniqueIdentifier>
    </Filter>
    <Filter Include="..\..\src">
      <UniqueIdentifier>{8CDEE807-BC53-E450-C8B8-4DEBB66742D4}</UniqueIdentifier>
    </Filter>
    <Filter Include="..\..\src\tests">
      <UniqueIdentifier>{71685B5B-5DB1-D3F0-6DF4-FE19B5454C87}</UniqueIdentifier>
    </Filter>
    <Filter Include="..\..\src\tests\test_utils">
      <UniqueIdentifier>{7A6B8B00-0BF3-CCF5-E4E0-34157314ABAC}</UniqueIdentifier>
    </Filter>
    <Filter Include="..">
      <UniqueIdentifier>{739DB09A-CC57-A953-A6CF-F64FA08E4FA7}</UniqueIdentifier>
    </Filter>
    <Filter Include="..\..">
      <UniqueIdentifier>{739DB09A-CC57-A953-A6CF-F64FA08E4FA7}</UniqueIdentifier>
    </Filter>
    <Filter Include="..\..\src">
      <UniqueIdentifier>{8CDEE807-BC53-E450-C8B8-4DEBB66742D4}</UniqueIdentifier>
    </Filter>
    <Filter Include="..\..\src\tests">
      <UniqueIdentifier>{71685B5B-5DB1-D3F0-6DF4-FE19B5454C87}</UniqueIdentifier>
    </Filter>
    <Filter Include="..\..\src\tests\test_utils">
      <UniqueIdentifier>{7A6B8B00-0BF3-CCF5-E4E0-34157314ABAC}</UniqueIdentifier>
    </Filter>
    <Filter Include="..">
      <UniqueIdentifier>{739DB09A-CC57-A953-A6CF-F64FA08E4FA7}</UniqueIdentifier>
    </Filter>
    <Filter Include="..\..">
      <UniqueIdentifier>{739DB09A-CC57-A953-A6CF-F64FA08E4FA7}</UniqueIdentifier>
    </Filter>
    <Filter Include="..\..\src">
      <UniqueIdentifier>{8CDEE807-BC53-E450-C8B8-4DEBB66742D4}</UniqueIdentifier>
    </Filter>
    <Filter Include="..\..\src\tests">
      <UniqueIdentifier>{71685B5B-5DB1-D3F0-6DF4-FE19B5454C87}</UniqueIdentifier>
    </Filter>
    <Filter Include="..\..\src\tests\test_utils">
      <UniqueIdentifier>{7A6B8B00-0BF3-CCF5-E4E0-34157314ABAC}</UniqueIdentifier>
    </Filter>
    <Filter Include="..">
      <UniqueIdentifier>{739DB09A-CC57-A953-A6CF-F64FA08E4FA7}</UniqueIdentifier>
    </Filter>
    <Filter Include="..\..">
      <UniqueIdentifier>{739DB09A-CC57-A953-A6CF-F64FA08E4FA7}</UniqueIdentifier>
    </Filter>
    <Filter Include="..\..\src">
      <UniqueIdentifier>{8CDEE807-BC53-E450-C8B8-4DEBB66742D4}</UniqueIdentifier>
    </Filter>
    <Filter Include="..\..\src\tests">
      <UniqueIdentifier>{71685B5B-5DB1-D3F0-6DF4-FE19B5454C87}</UniqueIdentifier>
    </Filter>
    <Filter Include="..\..\src\tests\test_utils">
      <UniqueIdentifier>{7A6B8B00-0BF3-CCF5-E4E0-34157314ABAC}</UniqueIdentifier>
    </Filter>
    <Filter Include="..">
      <UniqueIdentifier>{739DB09A-CC57-A953-A6CF-F64FA08E4FA7}</UniqueIdentifier>
    </Filter>
    <Filter Include="..\..">
      <UniqueIdentifier>{739DB09A-CC57-A953-A6CF-F64FA08E4FA7}</UniqueIdentifier>
    </Filter>
    <Filter Include="..\..\src">
      <UniqueIdentifier>{8CDEE807-BC53-E450-C8B8-4DEBB66742D4}</UniqueIdentifier>
    </Filter>
    <Filter Include="..\..\src\tests">
      <UniqueIdentifier>{71685B5B-5DB1-D3F0-6DF4-FE19B5454C87}</UniqueIdentifier>
    </Filter>
    <Filter Include="..\..\src\tests\gl_tests">
      <UniqueIdentifier>{676B3CF7-225C-0CF1-ED2A-BED9545844DF}</UniqueIdentifier>
    </Filter>
    <Filter Include="..">
      <UniqueIdentifier>{739DB09A-CC57-A953-A6CF-F64FA08E4FA7}</UniqueIdentifier>
    </Filter>
    <Filter Include="..\..">
      <UniqueIdentifier>{739DB09A-CC57-A953-A6CF-F64FA08E4FA7}</UniqueIdentifier>
    </Filter>
    <Filter Include="..\..\src">
      <UniqueIdentifier>{8CDEE807-BC53-E450-C8B8-4DEBB66742D4}</UniqueIdentifier>
    </Filter>
    <Filter Include="..\..\src\tests">
      <UniqueIdentifier>{71685B5B-5DB1-D3F0-6DF4-FE19B5454C87}</UniqueIdentifier>
    </Filter>
    <Filter Include="..\..\src\tests\gl_tests">
      <UniqueIdentifier>{676B3CF7-225C-0CF1-ED2A-BED9545844DF}</UniqueIdentifier>
    </Filter>
    <Filter Include="..">
      <UniqueIdentifier>{739DB09A-CC57-A953-A6CF-F64FA08E4FA7}</UniqueIdentifier>
    </Filter>
    <Filter Include="..\..">
      <UniqueIdentifier>{739DB09A-CC57-A953-A6CF-F64FA08E4FA7}</UniqueIdentifier>
    </Filter>
    <Filter Include="..\..\src">
      <UniqueIdentifier>{8CDEE807-BC53-E450-C8B8-4DEBB66742D4}</UniqueIdentifier>
    </Filter>
    <Filter Include="..\..\src\tests">
      <UniqueIdentifier>{71685B5B-5DB1-D3F0-6DF4-FE19B5454C87}</UniqueIdentifier>
    </Filter>
    <Filter Include="..\..\src\tests\gl_tests">
      <UniqueIdentifier>{676B3CF7-225C-0CF1-ED2A-BED9545844DF}</UniqueIdentifier>
    </Filter>
    <Filter Include="..">
      <UniqueIdentifier>{739DB09A-CC57-A953-A6CF-F64FA08E4FA7}</UniqueIdentifier>
    </Filter>
    <Filter Include="..\..">
      <UniqueIdentifier>{739DB09A-CC57-A953-A6CF-F64FA08E4FA7}</UniqueIdentifier>
    </Filter>
    <Filter Include="..\..\src">
      <UniqueIdentifier>{8CDEE807-BC53-E450-C8B8-4DEBB66742D4}</UniqueIdentifier>
    </Filter>
    <Filter Include="..\..\src\tests">
      <UniqueIdentifier>{71685B5B-5DB1-D3F0-6DF4-FE19B5454C87}</UniqueIdentifier>
    </Filter>
    <Filter Include="..\..\src\tests\gl_tests">
      <UniqueIdentifier>{676B3CF7-225C-0CF1-ED2A-BED9545844DF}</UniqueIdentifier>
    </Filter>
    <Filter Include="..">
      <UniqueIdentifier>{739DB09A-CC57-A953-A6CF-F64FA08E4FA7}</UniqueIdentifier>
    </Filter>
    <Filter Include="..\..">
      <UniqueIdentifier>{739DB09A-CC57-A953-A6CF-F64FA08E4FA7}</UniqueIdentifier>
    </Filter>
    <Filter Include="..\..\src">
      <UniqueIdentifier>{8CDEE807-BC53-E450-C8B8-4DEBB66742D4}</UniqueIdentifier>
    </Filter>
    <Filter Include="..\..\src\tests">
      <UniqueIdentifier>{71685B5B-5DB1-D3F0-6DF4-FE19B5454C87}</UniqueIdentifier>
    </Filter>
    <Filter Include="..\..\src\tests\egl_tests">
      <UniqueIdentifier>{C3E89573-7D44-F1F2-6B43-6058C834EF9F}</UniqueIdentifier>
    </Filter>
    <Filter Include="..">
      <UniqueIdentifier>{739DB09A-CC57-A953-A6CF-F64FA08E4FA7}</UniqueIdentifier>
    </Filter>
    <Filter Include="..\..">
      <UniqueIdentifier>{739DB09A-CC57-A953-A6CF-F64FA08E4FA7}</UniqueIdentifier>
    </Filter>
    <Filter Include="..\..\src">
      <UniqueIdentifier>{8CDEE807-BC53-E450-C8B8-4DEBB66742D4}</UniqueIdentifier>
    </Filter>
    <Filter Include="..\..\src\tests">
      <UniqueIdentifier>{71685B5B-5DB1-D3F0-6DF4-FE19B5454C87}</UniqueIdentifier>
    </Filter>
    <Filter Include="..\..\src\tests\egl_tests">
      <UniqueIdentifier>{C3E89573-7D44-F1F2-6B43-6058C834EF9F}</UniqueIdentifier>
    </Filter>
    <Filter Include="..">
      <UniqueIdentifier>{739DB09A-CC57-A953-A6CF-F64FA08E4FA7}</UniqueIdentifier>
    </Filter>
    <Filter Include="..\..">
      <UniqueIdentifier>{739DB09A-CC57-A953-A6CF-F64FA08E4FA7}</UniqueIdentifier>
    </Filter>
    <Filter Include="..\..\src">
      <UniqueIdentifier>{8CDEE807-BC53-E450-C8B8-4DEBB66742D4}</UniqueIdentifier>
    </Filter>
    <Filter Include="..\..\src\tests">
      <UniqueIdentifier>{71685B5B-5DB1-D3F0-6DF4-FE19B5454C87}</UniqueIdentifier>
    </Filter>
    <Filter Include="..\..\src\tests\egl_tests">
      <UniqueIdentifier>{C3E89573-7D44-F1F2-6B43-6058C834EF9F}</UniqueIdentifier>
    </Filter>
    <Filter Include="..">
      <UniqueIdentifier>{739DB09A-CC57-A953-A6CF-F64FA08E4FA7}</UniqueIdentifier>
    </Filter>
    <Filter Include="..\..">
      <UniqueIdentifier>{739DB09A-CC57-A953-A6CF-F64FA08E4FA7}</UniqueIdentifier>
    </Filter>
    <Filter Include="..\..\src">
      <UniqueIdentifier>{8CDEE807-BC53-E450-C8B8-4DEBB66742D4}</UniqueIdentifier>
    </Filter>
    <Filter Include="..\..\src\tests">
      <UniqueIdentifier>{71685B5B-5DB1-D3F0-6DF4-FE19B5454C87}</UniqueIdentifier>
    </Filter>
    <Filter Include="..\..\src\tests\egl_tests">
      <UniqueIdentifier>{C3E89573-7D44-F1F2-6B43-6058C834EF9F}</UniqueIdentifier>
    </Filter>
    <Filter Include="..">
      <UniqueIdentifier>{739DB09A-CC57-A953-A6CF-F64FA08E4FA7}</UniqueIdentifier>
    </Filter>
    <Filter Include="..\..">
      <UniqueIdentifier>{739DB09A-CC57-A953-A6CF-F64FA08E4FA7}</UniqueIdentifier>
    </Filter>
    <Filter Include="..\..\src">
      <UniqueIdentifier>{8CDEE807-BC53-E450-C8B8-4DEBB66742D4}</UniqueIdentifier>
    </Filter>
    <Filter Include="..\..\src\tests">
      <UniqueIdentifier>{71685B5B-5DB1-D3F0-6DF4-FE19B5454C87}</UniqueIdentifier>
    </Filter>
    <Filter Include="..\..\src\tests\egl_tests">
      <UniqueIdentifier>{C3E89573-7D44-F1F2-6B43-6058C834EF9F}</UniqueIdentifier>
    </Filter>
    <Filter Include="..\..\src\tests\egl_tests\media">
      <UniqueIdentifier>{2699B576-DA2C-16EE-9C4A-F0CAB500D719}</UniqueIdentifier>
    </Filter>
  </ItemGroup>
  <ItemGroup>
    <ClCompile Include="angle_end2end_tests_main.cpp"/>
    <ClCompile Include="..\..\src\tests\gl_tests\BindUniformLocationTest.cpp">
      <Filter>..\..\src\tests\gl_tests</Filter>
    </ClCompile>
    <ClCompile Include="..\..\src\tests\gl_tests\BlendMinMaxTest.cpp">
      <Filter>..\..\src\tests\gl_tests</Filter>
    </ClCompile>
    <ClCompile Include="..\..\src\tests\gl_tests\BlitFramebufferANGLETest.cpp">
      <Filter>..\..\src\tests\gl_tests</Filter>
    </ClCompile>
    <ClCompile Include="..\..\src\tests\gl_tests\BufferDataTest.cpp">
      <Filter>..\..\src\tests\gl_tests</Filter>
    </ClCompile>
    <ClCompile Include="..\..\src\tests\gl_tests\BuiltinVariableTest.cpp">
      <Filter>..\..\src\tests\gl_tests</Filter>
    </ClCompile>
    <ClCompile Include="..\..\src\tests\gl_tests\ClearTest.cpp">
      <Filter>..\..\src\tests\gl_tests</Filter>
    </ClCompile>
    <ClCompile Include="..\..\src\tests\gl_tests\ColorMaskTest.cpp">
      <Filter>..\..\src\tests\gl_tests</Filter>
    </ClCompile>
    <ClCompile Include="..\..\src\tests\gl_tests\ComputeShaderTest.cpp">
      <Filter>..\..\src\tests\gl_tests</Filter>
    </ClCompile>
    <ClCompile Include="..\..\src\tests\gl_tests\CopyTexImageTest.cpp">
      <Filter>..\..\src\tests\gl_tests</Filter>
    </ClCompile>
    <ClCompile Include="..\..\src\tests\gl_tests\CopyTextureTest.cpp">
      <Filter>..\..\src\tests\gl_tests</Filter>
    </ClCompile>
    <ClCompile Include="..\..\src\tests\gl_tests\CubeMapTextureTest.cpp">
      <Filter>..\..\src\tests\gl_tests</Filter>
    </ClCompile>
    <ClCompile Include="..\..\src\tests\gl_tests\DebugMarkerTest.cpp">
      <Filter>..\..\src\tests\gl_tests</Filter>
    </ClCompile>
    <ClCompile Include="..\..\src\tests\gl_tests\DebugTest.cpp">
      <Filter>..\..\src\tests\gl_tests</Filter>
    </ClCompile>
    <ClCompile Include="..\..\src\tests\gl_tests\DepthStencilFormatsTest.cpp">
      <Filter>..\..\src\tests\gl_tests</Filter>
    </ClCompile>
    <ClCompile Include="..\..\src\tests\gl_tests\DiscardFramebufferEXTTest.cpp">
      <Filter>..\..\src\tests\gl_tests</Filter>
    </ClCompile>
    <ClCompile Include="..\..\src\tests\gl_tests\DrawBuffersTest.cpp">
      <Filter>..\..\src\tests\gl_tests</Filter>
    </ClCompile>
    <ClCompile Include="..\..\src\tests\gl_tests\DrawElementsTest.cpp">
      <Filter>..\..\src\tests\gl_tests</Filter>
    </ClCompile>
    <ClCompile Include="..\..\src\tests\gl_tests\DXT1CompressedTextureTest.cpp">
      <Filter>..\..\src\tests\gl_tests</Filter>
    </ClCompile>
    <ClCompile Include="..\..\src\tests\gl_tests\ETCTextureTest.cpp">
      <Filter>..\..\src\tests\gl_tests</Filter>
    </ClCompile>
    <ClCompile Include="..\..\src\tests\gl_tests\FenceSyncTests.cpp">
      <Filter>..\..\src\tests\gl_tests</Filter>
    </ClCompile>
    <ClCompile Include="..\..\src\tests\gl_tests\FramebufferMixedSamplesTest.cpp">
      <Filter>..\..\src\tests\gl_tests</Filter>
    </ClCompile>
    <ClCompile Include="..\..\src\tests\gl_tests\FramebufferRenderMipmapTest.cpp">
      <Filter>..\..\src\tests\gl_tests</Filter>
    </ClCompile>
    <ClCompile Include="..\..\src\tests\gl_tests\FramebufferTest.cpp">
      <Filter>..\..\src\tests\gl_tests</Filter>
    </ClCompile>
    <ClCompile Include="..\..\src\tests\gl_tests\GLSLTest.cpp">
      <Filter>..\..\src\tests\gl_tests</Filter>
    </ClCompile>
    <ClCompile Include="..\..\src\tests\gl_tests\ImageTest.cpp">
      <Filter>..\..\src\tests\gl_tests</Filter>
    </ClCompile>
    <ClCompile Include="..\..\src\tests\gl_tests\IncompleteTextureTest.cpp">
      <Filter>..\..\src\tests\gl_tests</Filter>
    </ClCompile>
    <ClCompile Include="..\..\src\tests\gl_tests\IndexBufferOffsetTest.cpp">
      <Filter>..\..\src\tests\gl_tests</Filter>
    </ClCompile>
    <ClCompile Include="..\..\src\tests\gl_tests\IndexedPointsTest.cpp">
      <Filter>..\..\src\tests\gl_tests</Filter>
    </ClCompile>
    <ClCompile Include="..\..\src\tests\gl_tests\InstancingTest.cpp">
      <Filter>..\..\src\tests\gl_tests</Filter>
    </ClCompile>
    <ClCompile Include="..\..\src\tests\gl_tests\LineLoopTest.cpp">
      <Filter>..\..\src\tests\gl_tests</Filter>
    </ClCompile>
    <ClCompile Include="..\..\src\tests\gl_tests\MaxTextureSizeTest.cpp">
      <Filter>..\..\src\tests\gl_tests</Filter>
    </ClCompile>
    <ClCompile Include="..\..\src\tests\gl_tests\MipmapTest.cpp">
      <Filter>..\..\src\tests\gl_tests</Filter>
    </ClCompile>
    <ClCompile Include="..\..\src\tests\gl_tests\MultisampleCompatibilityTest.cpp">
      <Filter>..\..\src\tests\gl_tests</Filter>
    </ClCompile>
    <None Include="..\..\src\tests\gl_tests\media\pixel.inl">
      <Filter>..\..\src\tests\gl_tests\media</Filter>
    </None>
    <ClCompile Include="..\..\src\tests\gl_tests\PackUnpackTest.cpp">
      <Filter>..\..\src\tests\gl_tests</Filter>
    </ClCompile>
    <ClCompile Include="..\..\src\tests\gl_tests\PathRenderingTest.cpp">
      <Filter>..\..\src\tests\gl_tests</Filter>
    </ClCompile>
    <ClCompile Include="..\..\src\tests\gl_tests\PbufferTest.cpp">
      <Filter>..\..\src\tests\gl_tests</Filter>
    </ClCompile>
    <ClCompile Include="..\..\src\tests\gl_tests\PBOExtensionTest.cpp">
      <Filter>..\..\src\tests\gl_tests</Filter>
    </ClCompile>
    <ClCompile Include="..\..\src\tests\gl_tests\PointSpritesTest.cpp">
      <Filter>..\..\src\tests\gl_tests</Filter>
    </ClCompile>
    <ClCompile Include="..\..\src\tests\gl_tests\ProvokingVertexTest.cpp">
      <Filter>..\..\src\tests\gl_tests</Filter>
    </ClCompile>
    <ClCompile Include="..\..\src\tests\gl_tests\ObjectAllocationTest.cpp">
      <Filter>..\..\src\tests\gl_tests</Filter>
    </ClCompile>
    <ClCompile Include="..\..\src\tests\gl_tests\OcclusionQueriesTest.cpp">
      <Filter>..\..\src\tests\gl_tests</Filter>
    </ClCompile>
    <ClCompile Include="..\..\src\tests\gl_tests\ProgramBinaryTest.cpp">
      <Filter>..\..\src\tests\gl_tests</Filter>
    </ClCompile>
    <ClCompile Include="..\..\src\tests\gl_tests\ReadPixelsTest.cpp">
      <Filter>..\..\src\tests\gl_tests</Filter>
    </ClCompile>
    <ClCompile Include="..\..\src\tests\gl_tests\RendererTest.cpp">
      <Filter>..\..\src\tests\gl_tests</Filter>
    </ClCompile>
    <ClCompile Include="..\..\src\tests\gl_tests\SimpleOperationTest.cpp">
      <Filter>..\..\src\tests\gl_tests</Filter>
    </ClCompile>
    <ClCompile Include="..\..\src\tests\gl_tests\SixteenBppTextureTest.cpp">
      <Filter>..\..\src\tests\gl_tests</Filter>
    </ClCompile>
    <ClCompile Include="..\..\src\tests\gl_tests\SRGBTextureTest.cpp">
      <Filter>..\..\src\tests\gl_tests</Filter>
    </ClCompile>
    <ClCompile Include="..\..\src\tests\gl_tests\StateChangeTest.cpp">
      <Filter>..\..\src\tests\gl_tests</Filter>
    </ClCompile>
    <ClCompile Include="..\..\src\tests\gl_tests\SwizzleTest.cpp">
      <Filter>..\..\src\tests\gl_tests</Filter>
    </ClCompile>
    <ClCompile Include="..\..\src\tests\gl_tests\SyncQueriesTest.cpp">
      <Filter>..\..\src\tests\gl_tests</Filter>
    </ClCompile>
    <ClCompile Include="..\..\src\tests\gl_tests\TextureTest.cpp">
      <Filter>..\..\src\tests\gl_tests</Filter>
    </ClCompile>
    <ClCompile Include="..\..\src\tests\gl_tests\TimerQueriesTest.cpp">
      <Filter>..\..\src\tests\gl_tests</Filter>
    </ClCompile>
    <ClCompile Include="..\..\src\tests\gl_tests\TransformFeedbackTest.cpp">
      <Filter>..\..\src\tests\gl_tests</Filter>
    </ClCompile>
    <ClCompile Include="..\..\src\tests\gl_tests\UniformBufferTest.cpp">
      <Filter>..\..\src\tests\gl_tests</Filter>
    </ClCompile>
    <ClCompile Include="..\..\src\tests\gl_tests\UniformTest.cpp">
      <Filter>..\..\src\tests\gl_tests</Filter>
    </ClCompile>
    <ClCompile Include="..\..\src\tests\gl_tests\UnpackAlignmentTest.cpp">
      <Filter>..\..\src\tests\gl_tests</Filter>
    </ClCompile>
    <ClCompile Include="..\..\src\tests\gl_tests\UnpackRowLength.cpp">
      <Filter>..\..\src\tests\gl_tests</Filter>
    </ClCompile>
    <ClCompile Include="..\..\src\tests\gl_tests\VertexAttributeTest.cpp">
      <Filter>..\..\src\tests\gl_tests</Filter>
    </ClCompile>
    <ClCompile Include="..\..\src\tests\gl_tests\ViewportTest.cpp">
      <Filter>..\..\src\tests\gl_tests</Filter>
    </ClCompile>
    <ClCompile Include="..\..\src\tests\egl_tests\EGLContextCompatibilityTest.cpp">
      <Filter>..\..\src\tests\egl_tests</Filter>
    </ClCompile>
    <ClCompile Include="..\..\src\tests\egl_tests\EGLContextSharingTest.cpp">
      <Filter>..\..\src\tests\egl_tests</Filter>
    </ClCompile>
    <ClCompile Include="..\..\src\tests\egl_tests\EGLQueryContextTest.cpp">
      <Filter>..\..\src\tests\egl_tests</Filter>
    </ClCompile>
    <ClCompile Include="..\..\src\tests\egl_tests\EGLRobustnessTest.cpp">
      <Filter>..\..\src\tests\egl_tests</Filter>
    </ClCompile>
    <ClCompile Include="..\..\src\tests\egl_tests\EGLSanityCheckTest.cpp">
      <Filter>..\..\src\tests\egl_tests</Filter>
    </ClCompile>
    <ClCompile Include="..\..\src\tests\egl_tests\EGLSurfaceTest.cpp">
      <Filter>..\..\src\tests\egl_tests</Filter>
    </ClCompile>
    <ClCompile Include="..\..\src\tests\test_utils\ANGLETest.cpp">
      <Filter>..\..\src\tests\test_utils</Filter>
    </ClCompile>
    <ClInclude Include="..\..\src\tests\test_utils\ANGLETest.h">
      <Filter>..\..\src\tests\test_utils</Filter>
    </ClInclude>
    <ClCompile Include="..\..\src\tests\test_utils\angle_test_configs.cpp">
      <Filter>..\..\src\tests\test_utils</Filter>
    </ClCompile>
    <ClInclude Include="..\..\src\tests\test_utils\angle_test_configs.h">
      <Filter>..\..\src\tests\test_utils</Filter>
    </ClInclude>
    <ClCompile Include="..\..\src\tests\test_utils\angle_test_instantiate.cpp">
      <Filter>..\..\src\tests\test_utils</Filter>
    </ClCompile>
    <ClInclude Include="..\..\src\tests\test_utils\angle_test_instantiate.h">
      <Filter>..\..\src\tests\test_utils</Filter>
    </ClInclude>
    <ClInclude Include="..\..\src\tests\test_utils\gl_raii.h">
      <Filter>..\..\src\tests\test_utils</Filter>
    </ClInclude>
    <ClCompile Include="..\..\src\tests\gl_tests\D3DImageFormatConversionTest.cpp">
      <Filter>..\..\src\tests\gl_tests</Filter>
    </ClCompile>
    <ClCompile Include="..\..\src\tests\gl_tests\D3D11EmulatedIndexedBufferTest.cpp">
      <Filter>..\..\src\tests\gl_tests</Filter>
    </ClCompile>
    <ClCompile Include="..\..\src\tests\gl_tests\D3D11FormatTablesTest.cpp">
      <Filter>..\..\src\tests\gl_tests</Filter>
    </ClCompile>
    <ClCompile Include="..\..\src\tests\gl_tests\D3D11InputLayoutCacheTest.cpp">
      <Filter>..\..\src\tests\gl_tests</Filter>
    </ClCompile>
    <ClCompile Include="..\..\src\tests\egl_tests\EGLDeviceTest.cpp">
      <Filter>..\..\src\tests\egl_tests</Filter>
    </ClCompile>
    <ClCompile Include="..\..\src\tests\egl_tests\EGLPresentPathD3D11Test.cpp">
      <Filter>..\..\src\tests\egl_tests</Filter>
    </ClCompile>
    <ClCompile Include="..\..\src\tests\egl_tests\EGLStreamTest.cpp">
      <Filter>..\..\src\tests\egl_tests</Filter>
    </ClCompile>
    <ClCompile Include="..\..\src\tests\egl_tests\EGLThreadTest.cpp">
      <Filter>..\..\src\tests\egl_tests</Filter>
    </ClCompile>
    <None Include="..\..\src\tests\egl_tests\media\yuvtest.inl">
      <Filter>..\..\src\tests\egl_tests\media</Filter>
    </None>
    <None Include="tests.gyp"/>
  </ItemGroup>
</Project>
