<?xml version="1.0" encoding="utf-8"?>
<Project ToolsVersion="4.0" xmlns="http://schemas.microsoft.com/developer/msbuild/2003">
  <ItemGroup>
    <Filter Include="..">
      <UniqueIdentifier>{739DB09A-CC57-A953-A6CF-F64FA08E4FA7}</UniqueIdentifier>
    </Filter>
    <Filter Include="..\..">
      <UniqueIdentifier>{739DB09A-CC57-A953-A6CF-F64FA08E4FA7}</UniqueIdentifier>
    </Filter>
    <Filter Include="..\..\third_party">
      <UniqueIdentifier>{D6C6CEA7-AAD0-03AD-2394-AC6FCBF8A498}</UniqueIdentifier>
    </Filter>
    <Filter Include="..\..\third_party\libpng">
      <UniqueIdentifier>{B9B8AD57-6556-6ACF-1428-75D1DB27CFD7}</UniqueIdentifier>
    </Filter>
    <Filter Include="..">
      <UniqueIdentifier>{739DB09A-CC57-A953-A6CF-F64FA08E4FA7}</UniqueIdentifier>
    </Filter>
    <Filter Include="..\..">
      <UniqueIdentifier>{739DB09A-CC57-A953-A6CF-F64FA08E4FA7}</UniqueIdentifier>
    </Filter>
    <Filter Include="..\..\third_party">
      <UniqueIdentifier>{D6C6CEA7-AAD0-03AD-2394-AC6FCBF8A498}</UniqueIdentifier>
    </Filter>
    <Filter Include="..\..\third_party\libpng">
      <UniqueIdentifier>{B9B8AD57-6556-6ACF-1428-75D1DB27CFD7}</UniqueIdentifier>
    </Filter>
    <Filter Include="..">
      <UniqueIdentifier>{739DB09A-CC57-A953-A6CF-F64FA08E4FA7}</UniqueIdentifier>
    </Filter>
    <Filter Include="..\..">
      <UniqueIdentifier>{739DB09A-CC57-A953-A6CF-F64FA08E4FA7}</UniqueIdentifier>
    </Filter>
    <Filter Include="..\..\third_party">
      <UniqueIdentifier>{D6C6CEA7-AAD0-03AD-2394-AC6FCBF8A498}</UniqueIdentifier>
    </Filter>
    <Filter Include="..\..\third_party\libpng">
      <UniqueIdentifier>{B9B8AD57-6556-6ACF-1428-75D1DB27CFD7}</UniqueIdentifier>
    </Filter>
    <Filter Include="..">
      <UniqueIdentifier>{739DB09A-CC57-A953-A6CF-F64FA08E4FA7}</UniqueIdentifier>
    </Filter>
    <Filter Include="..\..">
      <UniqueIdentifier>{739DB09A-CC57-A953-A6CF-F64FA08E4FA7}</UniqueIdentifier>
    </Filter>
    <Filter Include="..\..\third_party">
      <UniqueIdentifier>{D6C6CEA7-AAD0-03AD-2394-AC6FCBF8A498}</UniqueIdentifier>
    </Filter>
    <Filter Include="..\..\third_party\libpng">
      <UniqueIdentifier>{B9B8AD57-6556-6ACF-1428-75D1DB27CFD7}</UniqueIdentifier>
    </Filter>
    <Filter Include="..">
      <UniqueIdentifier>{739DB09A-CC57-A953-A6CF-F64FA08E4FA7}</UniqueIdentifier>
    </Filter>
    <Filter Include="..\..">
      <UniqueIdentifier>{739DB09A-CC57-A953-A6CF-F64FA08E4FA7}</UniqueIdentifier>
    </Filter>
    <Filter Include="..\..\third_party">
      <UniqueIdentifier>{D6C6CEA7-AAD0-03AD-2394-AC6FCBF8A498}</UniqueIdentifier>
    </Filter>
    <Filter Include="..\..\third_party\libpng">
      <UniqueIdentifier>{B9B8AD57-6556-6ACF-1428-75D1DB27CFD7}</UniqueIdentifier>
    </Filter>
    <Filter Include="..">
      <UniqueIdentifier>{739DB09A-CC57-A953-A6CF-F64FA08E4FA7}</UniqueIdentifier>
    </Filter>
    <Filter Include="..\..">
      <UniqueIdentifier>{739DB09A-CC57-A953-A6CF-F64FA08E4FA7}</UniqueIdentifier>
    </Filter>
    <Filter Include="..\..\third_party">
      <UniqueIdentifier>{D6C6CEA7-AAD0-03AD-2394-AC6FCBF8A498}</UniqueIdentifier>
    </Filter>
    <Filter Include="..\..\third_party\libpng">
      <UniqueIdentifier>{B9B8AD57-6556-6ACF-1428-75D1DB27CFD7}</UniqueIdentifier>
    </Filter>
    <Filter Include="..">
      <UniqueIdentifier>{739DB09A-CC57-A953-A6CF-F64FA08E4FA7}</UniqueIdentifier>
    </Filter>
    <Filter Include="..\..">
      <UniqueIdentifier>{739DB09A-CC57-A953-A6CF-F64FA08E4FA7}</UniqueIdentifier>
    </Filter>
    <Filter Include="..\..\third_party">
      <UniqueIdentifier>{D6C6CEA7-AAD0-03AD-2394-AC6FCBF8A498}</UniqueIdentifier>
    </Filter>
    <Filter Include="..\..\third_party\libpng">
      <UniqueIdentifier>{B9B8AD57-6556-6ACF-1428-75D1DB27CFD7}</UniqueIdentifier>
    </Filter>
    <Filter Include="..">
      <UniqueIdentifier>{739DB09A-CC57-A953-A6CF-F64FA08E4FA7}</UniqueIdentifier>
    </Filter>
    <Filter Include="..\..">
      <UniqueIdentifier>{739DB09A-CC57-A953-A6CF-F64FA08E4FA7}</UniqueIdentifier>
    </Filter>
    <Filter Include="..\..\third_party">
      <UniqueIdentifier>{D6C6CEA7-AAD0-03AD-2394-AC6FCBF8A498}</UniqueIdentifier>
    </Filter>
    <Filter Include="..\..\third_party\libpng">
      <UniqueIdentifier>{B9B8AD57-6556-6ACF-1428-75D1DB27CFD7}</UniqueIdentifier>
    </Filter>
    <Filter Include="..">
      <UniqueIdentifier>{739DB09A-CC57-A953-A6CF-F64FA08E4FA7}</UniqueIdentifier>
    </Filter>
    <Filter Include="..\..">
      <UniqueIdentifier>{739DB09A-CC57-A953-A6CF-F64FA08E4FA7}</UniqueIdentifier>
    </Filter>
    <Filter Include="..\..\third_party">
      <UniqueIdentifier>{D6C6CEA7-AAD0-03AD-2394-AC6FCBF8A498}</UniqueIdentifier>
    </Filter>
    <Filter Include="..\..\third_party\libpng">
      <UniqueIdentifier>{B9B8AD57-6556-6ACF-1428-75D1DB27CFD7}</UniqueIdentifier>
    </Filter>
    <Filter Include="..">
      <UniqueIdentifier>{739DB09A-CC57-A953-A6CF-F64FA08E4FA7}</UniqueIdentifier>
    </Filter>
    <Filter Include="..\..">
      <UniqueIdentifier>{739DB09A-CC57-A953-A6CF-F64FA08E4FA7}</UniqueIdentifier>
    </Filter>
    <Filter Include="..\..\third_party">
      <UniqueIdentifier>{D6C6CEA7-AAD0-03AD-2394-AC6FCBF8A498}</UniqueIdentifier>
    </Filter>
    <Filter Include="..\..\third_party\libpng">
      <UniqueIdentifier>{B9B8AD57-6556-6ACF-1428-75D1DB27CFD7}</UniqueIdentifier>
    </Filter>
    <Filter Include="..">
      <UniqueIdentifier>{739DB09A-CC57-A953-A6CF-F64FA08E4FA7}</UniqueIdentifier>
    </Filter>
    <Filter Include="..\..">
      <UniqueIdentifier>{739DB09A-CC57-A953-A6CF-F64FA08E4FA7}</UniqueIdentifier>
    </Filter>
    <Filter Include="..\..\third_party">
      <UniqueIdentifier>{D6C6CEA7-AAD0-03AD-2394-AC6FCBF8A498}</UniqueIdentifier>
    </Filter>
    <Filter Include="..\..\third_party\libpng">
      <UniqueIdentifier>{B9B8AD57-6556-6ACF-1428-75D1DB27CFD7}</UniqueIdentifier>
    </Filter>
    <Filter Include="..">
      <UniqueIdentifier>{739DB09A-CC57-A953-A6CF-F64FA08E4FA7}</UniqueIdentifier>
    </Filter>
    <Filter Include="..\..">
      <UniqueIdentifier>{739DB09A-CC57-A953-A6CF-F64FA08E4FA7}</UniqueIdentifier>
    </Filter>
    <Filter Include="..\..\third_party">
      <UniqueIdentifier>{D6C6CEA7-AAD0-03AD-2394-AC6FCBF8A498}</UniqueIdentifier>
    </Filter>
    <Filter Include="..\..\third_party\libpng">
      <UniqueIdentifier>{B9B8AD57-6556-6ACF-1428-75D1DB27CFD7}</UniqueIdentifier>
    </Filter>
    <Filter Include="..">
      <UniqueIdentifier>{739DB09A-CC57-A953-A6CF-F64FA08E4FA7}</UniqueIdentifier>
    </Filter>
    <Filter Include="..\..">
      <UniqueIdentifier>{739DB09A-CC57-A953-A6CF-F64FA08E4FA7}</UniqueIdentifier>
    </Filter>
    <Filter Include="..\..\third_party">
      <UniqueIdentifier>{D6C6CEA7-AAD0-03AD-2394-AC6FCBF8A498}</UniqueIdentifier>
    </Filter>
    <Filter Include="..\..\third_party\libpng">
      <UniqueIdentifier>{B9B8AD57-6556-6ACF-1428-75D1DB27CFD7}</UniqueIdentifier>
    </Filter>
    <Filter Include="..">
      <UniqueIdentifier>{739DB09A-CC57-A953-A6CF-F64FA08E4FA7}</UniqueIdentifier>
    </Filter>
    <Filter Include="..\..">
      <UniqueIdentifier>{739DB09A-CC57-A953-A6CF-F64FA08E4FA7}</UniqueIdentifier>
    </Filter>
    <Filter Include="..\..\third_party">
      <UniqueIdentifier>{D6C6CEA7-AAD0-03AD-2394-AC6FCBF8A498}</UniqueIdentifier>
    </Filter>
    <Filter Include="..\..\third_party\libpng">
      <UniqueIdentifier>{B9B8AD57-6556-6ACF-1428-75D1DB27CFD7}</UniqueIdentifier>
    </Filter>
    <Filter Include="..">
      <UniqueIdentifier>{739DB09A-CC57-A953-A6CF-F64FA08E4FA7}</UniqueIdentifier>
    </Filter>
    <Filter Include="..\..">
      <UniqueIdentifier>{739DB09A-CC57-A953-A6CF-F64FA08E4FA7}</UniqueIdentifier>
    </Filter>
    <Filter Include="..\..\third_party">
      <UniqueIdentifier>{D6C6CEA7-AAD0-03AD-2394-AC6FCBF8A498}</UniqueIdentifier>
    </Filter>
    <Filter Include="..\..\third_party\libpng">
      <UniqueIdentifier>{B9B8AD57-6556-6ACF-1428-75D1DB27CFD7}</UniqueIdentifier>
    </Filter>
  </ItemGroup>
  <ItemGroup>
    <ClCompile Include="..\..\third_party\libpng\png.c">
      <Filter>..\..\third_party\libpng</Filter>
    </ClCompile>
    <ClCompile Include="..\..\third_party\libpng\pngerror.c">
      <Filter>..\..\third_party\libpng</Filter>
    </ClCompile>
    <ClCompile Include="..\..\third_party\libpng\pngget.c">
      <Filter>..\..\third_party\libpng</Filter>
    </ClCompile>
    <ClCompile Include="..\..\third_party\libpng\pngmem.c">
      <Filter>..\..\third_party\libpng</Filter>
    </ClCompile>
    <ClCompile Include="..\..\third_party\libpng\pngpread.c">
      <Filter>..\..\third_party\libpng</Filter>
    </ClCompile>
    <ClCompile Include="..\..\third_party\libpng\pngread.c">
      <Filter>..\..\third_party\libpng</Filter>
    </ClCompile>
    <ClCompile Include="..\..\third_party\libpng\pngrio.c">
      <Filter>..\..\third_party\libpng</Filter>
    </ClCompile>
    <ClCompile Include="..\..\third_party\libpng\pngrtran.c">
      <Filter>..\..\third_party\libpng</Filter>
    </ClCompile>
    <ClCompile Include="..\..\third_party\libpng\pngrutil.c">
      <Filter>..\..\third_party\libpng</Filter>
    </ClCompile>
    <ClCompile Include="..\..\third_party\libpng\pngset.c">
      <Filter>..\..\third_party\libpng</Filter>
    </ClCompile>
    <ClCompile Include="..\..\third_party\libpng\pngtrans.c">
      <Filter>..\..\third_party\libpng</Filter>
    </ClCompile>
    <ClCompile Include="..\..\third_party\libpng\pngwio.c">
      <Filter>..\..\third_party\libpng</Filter>
    </ClCompile>
    <ClCompile Include="..\..\third_party\libpng\pngwrite.c">
      <Filter>..\..\third_party\libpng</Filter>
    </ClCompile>
    <ClCompile Include="..\..\third_party\libpng\pngwtran.c">
      <Filter>..\..\third_party\libpng</Filter>
    </ClCompile>
    <ClCompile Include="..\..\third_party\libpng\pngwutil.c">
      <Filter>..\..\third_party\libpng</Filter>
    </ClCompile>
    <None Include="tests.gyp"/>
  </ItemGroup>
</Project>
